// !$*UTF8*$!
{
	archiveVersion = 1;
	classes = {
	};
	objectVersion = 46;
	objects = {

/* Begin PBXBuildFile section */
		0488F2531D3510230040E9A0 /* 1.jpg in Resources */ = {isa = PBXBuildFile; fileRef = 0488F2421D3510230040E9A0 /* 1.jpg */; };
		0488F2541D3510230040E9A0 /* 2.jpg in Resources */ = {isa = PBXBuildFile; fileRef = 0488F2431D3510230040E9A0 /* 2.jpg */; };
		0488F2551D3510230040E9A0 /* 3.jpg in Resources */ = {isa = PBXBuildFile; fileRef = 0488F2441D3510230040E9A0 /* 3.jpg */; };
		0488F2561D3510230040E9A0 /* 4.jpg in Resources */ = {isa = PBXBuildFile; fileRef = 0488F2451D3510230040E9A0 /* 4.jpg */; };
		0488F2581D3510230040E9A0 /* 5.jpg in Resources */ = {isa = PBXBuildFile; fileRef = 0488F2471D3510230040E9A0 /* 5.jpg */; };
		0488F2591D3510230040E9A0 /* 6.jpg in Resources */ = {isa = PBXBuildFile; fileRef = 0488F2481D3510230040E9A0 /* 6.jpg */; };
		0488F25A1D3510230040E9A0 /* 7.jpg in Resources */ = {isa = PBXBuildFile; fileRef = 0488F2491D3510230040E9A0 /* 7.jpg */; };
		0488F25B1D3510230040E9A0 /* 8.jpg in Resources */ = {isa = PBXBuildFile; fileRef = 0488F24A1D3510230040E9A0 /* 8.jpg */; };
		0488F25C1D3510230040E9A0 /* 9.jpg in Resources */ = {isa = PBXBuildFile; fileRef = 0488F24B1D3510230040E9A0 /* 9.jpg */; };
		0488F25D1D3510230040E9A0 /* 1468009249368.jpg in Resources */ = {isa = PBXBuildFile; fileRef = 0488F24C1D3510230040E9A0 /* 1468009249368.jpg */; };
		0488F25E1D3510230040E9A0 /* 1468009251628.jpg in Resources */ = {isa = PBXBuildFile; fileRef = 0488F24D1D3510230040E9A0 /* 1468009251628.jpg */; };
		0488F25F1D3510230040E9A0 /* 0.jpg in Resources */ = {isa = PBXBuildFile; fileRef = 0488F24E1D3510230040E9A0 /* 0.jpg */; };
		0488F2601D3510230040E9A0 /* 1468009307267.jpg in Resources */ = {isa = PBXBuildFile; fileRef = 0488F24F1D3510230040E9A0 /* 1468009307267.jpg */; };
		0488F2611D3510230040E9A0 /* 1468009316010.jpg in Resources */ = {isa = PBXBuildFile; fileRef = 0488F2501D3510230040E9A0 /* 1468009316010.jpg */; };
		0488F2621D3510230040E9A0 /* 1468060738914.jpg in Resources */ = {isa = PBXBuildFile; fileRef = 0488F2511D3510230040E9A0 /* 1468060738914.jpg */; };
		0488F2631D3510230040E9A0 /* 1468126481996.jpg in Resources */ = {isa = PBXBuildFile; fileRef = 0488F2521D3510230040E9A0 /* 1468126481996.jpg */; };
		04B29C071D2118E0008D5A9B /* main.m in Sources */ = {isa = PBXBuildFile; fileRef = 04B29C061D2118E0008D5A9B /* main.m */; };
		04B29C0A1D2118E0008D5A9B /* AppDelegate.m in Sources */ = {isa = PBXBuildFile; fileRef = 04B29C091D2118E0008D5A9B /* AppDelegate.m */; };
		04B29C0D1D2118E0008D5A9B /* ViewController.m in Sources */ = {isa = PBXBuildFile; fileRef = 04B29C0C1D2118E0008D5A9B /* ViewController.m */; };
		04B29C101D2118E0008D5A9B /* Main.storyboard in Resources */ = {isa = PBXBuildFile; fileRef = 04B29C0E1D2118E0008D5A9B /* Main.storyboard */; };
		04B29C131D2118E0008D5A9B /* Two.xcdatamodeld in Sources */ = {isa = PBXBuildFile; fileRef = 04B29C111D2118E0008D5A9B /* Two.xcdatamodeld */; };
		04B29C151D2118E0008D5A9B /* Images.xcassets in Resources */ = {isa = PBXBuildFile; fileRef = 04B29C141D2118E0008D5A9B /* Images.xcassets */; };
		04B29C231D2118E0008D5A9B /* TwoTests.m in Sources */ = {isa = PBXBuildFile; fileRef = 04B29C221D2118E0008D5A9B /* TwoTests.m */; };
		04B29C2E1D2118E0008D5A9B /* TwoUITests.m in Sources */ = {isa = PBXBuildFile; fileRef = 04B29C2D1D2118E0008D5A9B /* TwoUITests.m */; };
		04FDD28E1D38E24B00B5D0DD /* LGuidePage.m in Sources */ = {isa = PBXBuildFile; fileRef = 04FDD28D1D38E24B00B5D0DD /* LGuidePage.m */; };
/* End PBXBuildFile section */

/* Begin PBXContainerItemProxy section */
		04B29C1F1D2118E0008D5A9B /* PBXContainerItemProxy */ = {
			isa = PBXContainerItemProxy;
			containerPortal = 04B29BFA1D2118DF008D5A9B /* Project object */;
			proxyType = 1;
			remoteGlobalIDString = 04B29C011D2118DF008D5A9B;
			remoteInfo = Two;
		};
		04B29C2A1D2118E0008D5A9B /* PBXContainerItemProxy */ = {
			isa = PBXContainerItemProxy;
			containerPortal = 04B29BFA1D2118DF008D5A9B /* Project object */;
			proxyType = 1;
			remoteGlobalIDString = 04B29C011D2118DF008D5A9B;
			remoteInfo = Two;
		};
/* End PBXContainerItemProxy section */

/* Begin PBXFileReference section */
		0488F23B1D34F13E0040E9A0 /* PrefixHeader.pch */ = {isa = PBXFileReference; lastKnownFileType = sourcecode.c.h; name = PrefixHeader.pch; path = ../PrefixHeader.pch; sourceTree = "<group>"; };
		0488F2421D3510230040E9A0 /* 1.jpg */ = {isa = PBXFileReference; lastKnownFileType = image.jpeg; path = 1.jpg; sourceTree = "<group>"; };
		0488F2431D3510230040E9A0 /* 2.jpg */ = {isa = PBXFileReference; lastKnownFileType = image.jpeg; path = 2.jpg; sourceTree = "<group>"; };
		0488F2441D3510230040E9A0 /* 3.jpg */ = {isa = PBXFileReference; lastKnownFileType = image.jpeg; path = 3.jpg; sourceTree = "<group>"; };
		0488F2451D3510230040E9A0 /* 4.jpg */ = {isa = PBXFileReference; lastKnownFileType = image.jpeg; path = 4.jpg; sourceTree = "<group>"; };
		0488F2471D3510230040E9A0 /* 5.jpg */ = {isa = PBXFileReference; lastKnownFileType = image.jpeg; path = 5.jpg; sourceTree = "<group>"; };
		0488F2481D3510230040E9A0 /* 6.jpg */ = {isa = PBXFileReference; lastKnownFileType = image.jpeg; path = 6.jpg; sourceTree = "<group>"; };
		0488F2491D3510230040E9A0 /* 7.jpg */ = {isa = PBXFileReference; lastKnownFileType = image.jpeg; path = 7.jpg; sourceTree = "<group>"; };
		0488F24A1D3510230040E9A0 /* 8.jpg */ = {isa = PBXFileReference; lastKnownFileType = image.jpeg; path = 8.jpg; sourceTree = "<group>"; };
		0488F24B1D3510230040E9A0 /* 9.jpg */ = {isa = PBXFileReference; lastKnownFileType = image.jpeg; path = 9.jpg; sourceTree = "<group>"; };
		0488F24C1D3510230040E9A0 /* 1468009249368.jpg */ = {isa = PBXFileReference; lastKnownFileType = image.jpeg; path = 1468009249368.jpg; sourceTree = "<group>"; };
		0488F24D1D3510230040E9A0 /* 1468009251628.jpg */ = {isa = PBXFileReference; lastKnownFileType = image.jpeg; path = 1468009251628.jpg; sourceTree = "<group>"; };
		0488F24E1D3510230040E9A0 /* 0.jpg */ = {isa = PBXFileReference; lastKnownFileType = image.jpeg; path = 0.jpg; sourceTree = "<group>"; };
		0488F24F1D3510230040E9A0 /* 1468009307267.jpg */ = {isa = PBXFileReference; lastKnownFileType = image.jpeg; path = 1468009307267.jpg; sourceTree = "<group>"; };
		0488F2501D3510230040E9A0 /* 1468009316010.jpg */ = {isa = PBXFileReference; lastKnownFileType = image.jpeg; path = 1468009316010.jpg; sourceTree = "<group>"; };
		0488F2511D3510230040E9A0 /* 1468060738914.jpg */ = {isa = PBXFileReference; lastKnownFileType = image.jpeg; path = 1468060738914.jpg; sourceTree = "<group>"; };
		0488F2521D3510230040E9A0 /* 1468126481996.jpg */ = {isa = PBXFileReference; lastKnownFileType = image.jpeg; path = 1468126481996.jpg; sourceTree = "<group>"; };
		04B29C021D2118DF008D5A9B /* Two.app */ = {isa = PBXFileReference; explicitFileType = wrapper.application; includeInIndex = 0; path = Two.app; sourceTree = BUILT_PRODUCTS_DIR; };
		04B29C061D2118E0008D5A9B /* main.m */ = {isa = PBXFileReference; lastKnownFileType = sourcecode.c.objc; path = main.m; sourceTree = "<group>"; };
		04B29C081D2118E0008D5A9B /* AppDelegate.h */ = {isa = PBXFileReference; lastKnownFileType = sourcecode.c.h; path = AppDelegate.h; sourceTree = "<group>"; };
		04B29C091D2118E0008D5A9B /* AppDelegate.m */ = {isa = PBXFileReference; lastKnownFileType = sourcecode.c.objc; path = AppDelegate.m; sourceTree = "<group>"; };
		04B29C0B1D2118E0008D5A9B /* ViewController.h */ = {isa = PBXFileReference; lastKnownFileType = sourcecode.c.h; path = ViewController.h; sourceTree = "<group>"; };
		04B29C0C1D2118E0008D5A9B /* ViewController.m */ = {isa = PBXFileReference; lastKnownFileType = sourcecode.c.objc; path = ViewController.m; sourceTree = "<group>"; };
		04B29C0F1D2118E0008D5A9B /* Base */ = {isa = PBXFileReference; lastKnownFileType = file.storyboard; name = Base; path = Base.lproj/Main.storyboard; sourceTree = "<group>"; };
		04B29C121D2118E0008D5A9B /* Two.xcdatamodel */ = {isa = PBXFileReference; lastKnownFileType = wrapper.xcdatamodel; path = Two.xcdatamodel; sourceTree = "<group>"; };
		04B29C141D2118E0008D5A9B /* Images.xcassets */ = {isa = PBXFileReference; lastKnownFileType = folder.assetcatalog; path = Images.xcassets; sourceTree = "<group>"; };
		04B29C191D2118E0008D5A9B /* Info.plist */ = {isa = PBXFileReference; lastKnownFileType = text.plist.xml; path = Info.plist; sourceTree = "<group>"; };
		04B29C1E1D2118E0008D5A9B /* TwoTests.xctest */ = {isa = PBXFileReference; explicitFileType = wrapper.cfbundle; includeInIndex = 0; path = TwoTests.xctest; sourceTree = BUILT_PRODUCTS_DIR; };
		04B29C221D2118E0008D5A9B /* TwoTests.m */ = {isa = PBXFileReference; lastKnownFileType = sourcecode.c.objc; path = TwoTests.m; sourceTree = "<group>"; };
		04B29C241D2118E0008D5A9B /* Info.plist */ = {isa = PBXFileReference; lastKnownFileType = text.plist.xml; path = Info.plist; sourceTree = "<group>"; };
		04B29C291D2118E0008D5A9B /* TwoUITests.xctest */ = {isa = PBXFileReference; explicitFileType = wrapper.cfbundle; includeInIndex = 0; path = TwoUITests.xctest; sourceTree = BUILT_PRODUCTS_DIR; };
		04B29C2D1D2118E0008D5A9B /* TwoUITests.m */ = {isa = PBXFileReference; lastKnownFileType = sourcecode.c.objc; path = TwoUITests.m; sourceTree = "<group>"; };
		04B29C2F1D2118E0008D5A9B /* Info.plist */ = {isa = PBXFileReference; lastKnownFileType = text.plist.xml; path = Info.plist; sourceTree = "<group>"; };
		04FDD28C1D38E24B00B5D0DD /* LGuidePage.h */ = {isa = PBXFileReference; fileEncoding = 4; lastKnownFileType = sourcecode.c.h; path = LGuidePage.h; sourceTree = "<group>"; };
		04FDD28D1D38E24B00B5D0DD /* LGuidePage.m */ = {isa = PBXFileReference; fileEncoding = 4; lastKnownFileType = sourcecode.c.objc; path = LGuidePage.m; sourceTree = "<group>"; };
/* End PBXFileReference section */

/* Begin PBXFrameworksBuildPhase section */
		04B29BFF1D2118DF008D5A9B /* Frameworks */ = {
			isa = PBXFrameworksBuildPhase;
			buildActionMask = 2147483647;
			files = (
			);
			runOnlyForDeploymentPostprocessing = 0;
		};
		04B29C1B1D2118E0008D5A9B /* Frameworks */ = {
			isa = PBXFrameworksBuildPhase;
			buildActionMask = 2147483647;
			files = (
			);
			runOnlyForDeploymentPostprocessing = 0;
		};
		04B29C261D2118E0008D5A9B /* Frameworks */ = {
			isa = PBXFrameworksBuildPhase;
			buildActionMask = 2147483647;
			files = (
			);
			runOnlyForDeploymentPostprocessing = 0;
		};
/* End PBXFrameworksBuildPhase section */

/* Begin PBXGroup section */
		0488F2411D3510230040E9A0 /* guidePage */ = {
			isa = PBXGroup;
			children = (
				0488F2421D3510230040E9A0 /* 1.jpg */,
				0488F2431D3510230040E9A0 /* 2.jpg */,
				0488F2441D3510230040E9A0 /* 3.jpg */,
				0488F2451D3510230040E9A0 /* 4.jpg */,
				0488F2471D3510230040E9A0 /* 5.jpg */,
				0488F2481D3510230040E9A0 /* 6.jpg */,
				0488F2491D3510230040E9A0 /* 7.jpg */,
				0488F24A1D3510230040E9A0 /* 8.jpg */,
				0488F24B1D3510230040E9A0 /* 9.jpg */,
				0488F24C1D3510230040E9A0 /* 1468009249368.jpg */,
				0488F24D1D3510230040E9A0 /* 1468009251628.jpg */,
				0488F24E1D3510230040E9A0 /* 0.jpg */,
				0488F24F1D3510230040E9A0 /* 1468009307267.jpg */,
				0488F2501D3510230040E9A0 /* 1468009316010.jpg */,
				0488F2511D3510230040E9A0 /* 1468060738914.jpg */,
				0488F2521D3510230040E9A0 /* 1468126481996.jpg */,
			);
			path = guidePage;
			sourceTree = "<group>";
		};
		04B29BF91D2118DF008D5A9B = {
			isa = PBXGroup;
			children = (
				04B29C041D2118E0008D5A9B /* Two */,
				04B29C211D2118E0008D5A9B /* TwoTests */,
				04B29C2C1D2118E0008D5A9B /* TwoUITests */,
				04B29C031D2118DF008D5A9B /* Products */,
			);
			sourceTree = "<group>";
		};
		04B29C031D2118DF008D5A9B /* Products */ = {
			isa = PBXGroup;
			children = (
				04B29C021D2118DF008D5A9B /* Two.app */,
				04B29C1E1D2118E0008D5A9B /* TwoTests.xctest */,
				04B29C291D2118E0008D5A9B /* TwoUITests.xctest */,
			);
			name = Products;
			sourceTree = "<group>";
		};
		04B29C041D2118E0008D5A9B /* Two */ = {
			isa = PBXGroup;
			children = (
				04B29C081D2118E0008D5A9B /* AppDelegate.h */,
				04B29C091D2118E0008D5A9B /* AppDelegate.m */,
				04B29C0B1D2118E0008D5A9B /* ViewController.h */,
				04B29C0C1D2118E0008D5A9B /* ViewController.m */,
				04B29C0E1D2118E0008D5A9B /* Main.storyboard */,
				04B29C141D2118E0008D5A9B /* Images.xcassets */,
				04B29C191D2118E0008D5A9B /* Info.plist */,
				04B29C111D2118E0008D5A9B /* Two.xcdatamodeld */,
				04FDD2831D38D52D00B5D0DD /* LGuidePage */,
				04B29C051D2118E0008D5A9B /* Supporting Files */,
			);
			path = Two;
			sourceTree = "<group>";
		};
		04B29C051D2118E0008D5A9B /* Supporting Files */ = {
			isa = PBXGroup;
			children = (
				0488F2411D3510230040E9A0 /* guidePage */,
				0488F23B1D34F13E0040E9A0 /* PrefixHeader.pch */,
				04B29C061D2118E0008D5A9B /* main.m */,
			);
			name = "Supporting Files";
			sourceTree = "<group>";
		};
		04B29C211D2118E0008D5A9B /* TwoTests */ = {
			isa = PBXGroup;
			children = (
				04B29C221D2118E0008D5A9B /* TwoTests.m */,
				04B29C241D2118E0008D5A9B /* Info.plist */,
			);
			path = TwoTests;
			sourceTree = "<group>";
		};
		04B29C2C1D2118E0008D5A9B /* TwoUITests */ = {
			isa = PBXGroup;
			children = (
				04B29C2D1D2118E0008D5A9B /* TwoUITests.m */,
				04B29C2F1D2118E0008D5A9B /* Info.plist */,
			);
			path = TwoUITests;
			sourceTree = "<group>";
		};
		04FDD2831D38D52D00B5D0DD /* LGuidePage */ = {
			isa = PBXGroup;
			children = (
				04FDD28C1D38E24B00B5D0DD /* LGuidePage.h */,
				04FDD28D1D38E24B00B5D0DD /* LGuidePage.m */,
			);
			name = LGuidePage;
			sourceTree = "<group>";
		};
/* End PBXGroup section */

/* Begin PBXNativeTarget section */
		04B29C011D2118DF008D5A9B /* Two */ = {
			isa = PBXNativeTarget;
			buildConfigurationList = 04B29C321D2118E0008D5A9B /* Build configuration list for PBXNativeTarget "Two" */;
			buildPhases = (
				04B29BFE1D2118DF008D5A9B /* Sources */,
				04B29BFF1D2118DF008D5A9B /* Frameworks */,
				04B29C001D2118DF008D5A9B /* Resources */,
			);
			buildRules = (
			);
			dependencies = (
			);
			name = Two;
			productName = Two;
			productReference = 04B29C021D2118DF008D5A9B /* Two.app */;
			productType = "com.apple.product-type.application";
		};
		04B29C1D1D2118E0008D5A9B /* TwoTests */ = {
			isa = PBXNativeTarget;
			buildConfigurationList = 04B29C351D2118E0008D5A9B /* Build configuration list for PBXNativeTarget "TwoTests" */;
			buildPhases = (
				04B29C1A1D2118E0008D5A9B /* Sources */,
				04B29C1B1D2118E0008D5A9B /* Frameworks */,
				04B29C1C1D2118E0008D5A9B /* Resources */,
			);
			buildRules = (
			);
			dependencies = (
				04B29C201D2118E0008D5A9B /* PBXTargetDependency */,
			);
			name = TwoTests;
			productName = TwoTests;
			productReference = 04B29C1E1D2118E0008D5A9B /* TwoTests.xctest */;
			productType = "com.apple.product-type.bundle.unit-test";
		};
		04B29C281D2118E0008D5A9B /* TwoUITests */ = {
			isa = PBXNativeTarget;
			buildConfigurationList = 04B29C381D2118E0008D5A9B /* Build configuration list for PBXNativeTarget "TwoUITests" */;
			buildPhases = (
				04B29C251D2118E0008D5A9B /* Sources */,
				04B29C261D2118E0008D5A9B /* Frameworks */,
				04B29C271D2118E0008D5A9B /* Resources */,
			);
			buildRules = (
			);
			dependencies = (
				04B29C2B1D2118E0008D5A9B /* PBXTargetDependency */,
			);
			name = TwoUITests;
			productName = TwoUITests;
			productReference = 04B29C291D2118E0008D5A9B /* TwoUITests.xctest */;
			productType = "com.apple.product-type.bundle.ui-testing";
		};
/* End PBXNativeTarget section */

/* Begin PBXProject section */
		04B29BFA1D2118DF008D5A9B /* Project object */ = {
			isa = PBXProject;
			attributes = {
				LastUpgradeCheck = 0730;
				ORGANIZATIONNAME = ryt;
				TargetAttributes = {
					04B29C011D2118DF008D5A9B = {
						CreatedOnToolsVersion = 7.3.1;
					};
					04B29C1D1D2118E0008D5A9B = {
						CreatedOnToolsVersion = 7.3.1;
						TestTargetID = 04B29C011D2118DF008D5A9B;
					};
					04B29C281D2118E0008D5A9B = {
						CreatedOnToolsVersion = 7.3.1;
						TestTargetID = 04B29C011D2118DF008D5A9B;
					};
				};
			};
			buildConfigurationList = 04B29BFD1D2118DF008D5A9B /* Build configuration list for PBXProject "Two" */;
			compatibilityVersion = "Xcode 3.2";
			developmentRegion = English;
			hasScannedForEncodings = 0;
			knownRegions = (
				en,
				Base,
			);
			mainGroup = 04B29BF91D2118DF008D5A9B;
			productRefGroup = 04B29C031D2118DF008D5A9B /* Products */;
			projectDirPath = "";
			projectRoot = "";
			targets = (
				04B29C011D2118DF008D5A9B /* Two */,
				04B29C1D1D2118E0008D5A9B /* TwoTests */,
				04B29C281D2118E0008D5A9B /* TwoUITests */,
			);
		};
/* End PBXProject section */

/* Begin PBXResourcesBuildPhase section */
		04B29C001D2118DF008D5A9B /* Resources */ = {
			isa = PBXResourcesBuildPhase;
			buildActionMask = 2147483647;
			files = (
				0488F2591D3510230040E9A0 /* 6.jpg in Resources */,
				0488F2551D3510230040E9A0 /* 3.jpg in Resources */,
				0488F25B1D3510230040E9A0 /* 8.jpg in Resources */,
				0488F25D1D3510230040E9A0 /* 1468009249368.jpg in Resources */,
				04B29C151D2118E0008D5A9B /* Images.xcassets in Resources */,
				0488F2621D3510230040E9A0 /* 1468060738914.jpg in Resources */,
				0488F2601D3510230040E9A0 /* 1468009307267.jpg in Resources */,
				0488F2531D3510230040E9A0 /* 1.jpg in Resources */,
				0488F2581D3510230040E9A0 /* 5.jpg in Resources */,
				0488F2631D3510230040E9A0 /* 1468126481996.jpg in Resources */,
				0488F2611D3510230040E9A0 /* 1468009316010.jpg in Resources */,
				0488F25F1D3510230040E9A0 /* 0.jpg in Resources */,
				0488F25C1D3510230040E9A0 /* 9.jpg in Resources */,
				0488F25A1D3510230040E9A0 /* 7.jpg in Resources */,
				0488F2561D3510230040E9A0 /* 4.jpg in Resources */,
				0488F2541D3510230040E9A0 /* 2.jpg in Resources */,
				0488F25E1D3510230040E9A0 /* 1468009251628.jpg in Resources */,
				04B29C101D2118E0008D5A9B /* Main.storyboard in Resources */,
			);
			runOnlyForDeploymentPostprocessing = 0;
		};
		04B29C1C1D2118E0008D5A9B /* Resources */ = {
			isa = PBXResourcesBuildPhase;
			buildActionMask = 2147483647;
			files = (
			);
			runOnlyForDeploymentPostprocessing = 0;
		};
		04B29C271D2118E0008D5A9B /* Resources */ = {
			isa = PBXResourcesBuildPhase;
			buildActionMask = 2147483647;
			files = (
			);
			runOnlyForDeploymentPostprocessing = 0;
		};
/* End PBXResourcesBuildPhase section */

/* Begin PBXSourcesBuildPhase section */
		04B29BFE1D2118DF008D5A9B /* Sources */ = {
			isa = PBXSourcesBuildPhase;
			buildActionMask = 2147483647;
			files = (
				04FDD28E1D38E24B00B5D0DD /* LGuidePage.m in Sources */,
				04B29C0D1D2118E0008D5A9B /* ViewController.m in Sources */,
				04B29C0A1D2118E0008D5A9B /* AppDelegate.m in Sources */,
				04B29C131D2118E0008D5A9B /* Two.xcdatamodeld in Sources */,
				04B29C071D2118E0008D5A9B /* main.m in Sources */,
			);
			runOnlyForDeploymentPostprocessing = 0;
		};
		04B29C1A1D2118E0008D5A9B /* Sources */ = {
			isa = PBXSourcesBuildPhase;
			buildActionMask = 2147483647;
			files = (
				04B29C231D2118E0008D5A9B /* TwoTests.m in Sources */,
			);
			runOnlyForDeploymentPostprocessing = 0;
		};
		04B29C251D2118E0008D5A9B /* Sources */ = {
			isa = PBXSourcesBuildPhase;
			buildActionMask = 2147483647;
			files = (
				04B29C2E1D2118E0008D5A9B /* TwoUITests.m in Sources */,
			);
			runOnlyForDeploymentPostprocessing = 0;
		};
/* End PBXSourcesBuildPhase section */

/* Begin PBXTargetDependency section */
		04B29C201D2118E0008D5A9B /* PBXTargetDependency */ = {
			isa = PBXTargetDependency;
			target = 04B29C011D2118DF008D5A9B /* Two */;
			targetProxy = 04B29C1F1D2118E0008D5A9B /* PBXContainerItemProxy */;
		};
		04B29C2B1D2118E0008D5A9B /* PBXTargetDependency */ = {
			isa = PBXTargetDependency;
			target = 04B29C011D2118DF008D5A9B /* Two */;
			targetProxy = 04B29C2A1D2118E0008D5A9B /* PBXContainerItemProxy */;
		};
/* End PBXTargetDependency section */

/* Begin PBXVariantGroup section */
		04B29C0E1D2118E0008D5A9B /* Main.storyboard */ = {
			isa = PBXVariantGroup;
			children = (
				04B29C0F1D2118E0008D5A9B /* Base */,
			);
			name = Main.storyboard;
			sourceTree = "<group>";
		};
/* End PBXVariantGroup section */

/* Begin XCBuildConfiguration section */
		04B29C301D2118E0008D5A9B /* Debug */ = {
			isa = XCBuildConfiguration;
			buildSettings = {
				ALWAYS_SEARCH_USER_PATHS = NO;
				CLANG_ANALYZER_NONNULL = YES;
				CLANG_CXX_LANGUAGE_STANDARD = "gnu++0x";
				CLANG_CXX_LIBRARY = "libc++";
				CLANG_ENABLE_MODULES = YES;
				CLANG_ENABLE_OBJC_ARC = YES;
				CLANG_WARN_BOOL_CONVERSION = YES;
				CLANG_WARN_CONSTANT_CONVERSION = YES;
				CLANG_WARN_DIRECT_OBJC_ISA_USAGE = YES_ERROR;
				CLANG_WARN_EMPTY_BODY = YES;
				CLANG_WARN_ENUM_CONVERSION = YES;
				CLANG_WARN_INT_CONVERSION = YES;
				CLANG_WARN_OBJC_ROOT_CLASS = YES_ERROR;
				CLANG_WARN_UNREACHABLE_CODE = YES;
				CLANG_WARN__DUPLICATE_METHOD_MATCH = YES;
				"CODE_SIGN_IDENTITY[sdk=iphoneos*]" = "iPhone Developer";
				COPY_PHASE_STRIP = NO;
				DEBUG_INFORMATION_FORMAT = dwarf;
				ENABLE_STRICT_OBJC_MSGSEND = YES;
				ENABLE_TESTABILITY = YES;
				GCC_C_LANGUAGE_STANDARD = gnu99;
				GCC_DYNAMIC_NO_PIC = NO;
				GCC_NO_COMMON_BLOCKS = YES;
				GCC_OPTIMIZATION_LEVEL = 0;
				GCC_PREPROCESSOR_DEFINITIONS = (
					"DEBUG=1",
					"$(inherited)",
				);
				GCC_WARN_64_TO_32_BIT_CONVERSION = YES;
				GCC_WARN_ABOUT_RETURN_TYPE = YES_ERROR;
				GCC_WARN_UNDECLARED_SELECTOR = YES;
				GCC_WARN_UNINITIALIZED_AUTOS = YES_AGGRESSIVE;
				GCC_WARN_UNUSED_FUNCTION = YES;
				GCC_WARN_UNUSED_VARIABLE = YES;
				IPHONEOS_DEPLOYMENT_TARGET = 9.3;
				MTL_ENABLE_DEBUG_INFO = YES;
				ONLY_ACTIVE_ARCH = YES;
				SDKROOT = iphoneos;
			};
			name = Debug;
		};
		04B29C311D2118E0008D5A9B /* Release */ = {
			isa = XCBuildConfiguration;
			buildSettings = {
				ALWAYS_SEARCH_USER_PATHS = NO;
				CLANG_ANALYZER_NONNULL = YES;
				CLANG_CXX_LANGUAGE_STANDARD = "gnu++0x";
				CLANG_CXX_LIBRARY = "libc++";
				CLANG_ENABLE_MODULES = YES;
				CLANG_ENABLE_OBJC_ARC = YES;
				CLANG_WARN_BOOL_CONVERSION = YES;
				CLANG_WARN_CONSTANT_CONVERSION = YES;
				CLANG_WARN_DIRECT_OBJC_ISA_USAGE = YES_ERROR;
				CLANG_WARN_EMPTY_BODY = YES;
				CLANG_WARN_ENUM_CONVERSION = YES;
				CLANG_WARN_INT_CONVERSION = YES;
				CLANG_WARN_OBJC_ROOT_CLASS = YES_ERROR;
				CLANG_WARN_UNREACHABLE_CODE = YES;
				CLANG_WARN__DUPLICATE_METHOD_MATCH = YES;
				"CODE_SIGN_IDENTITY[sdk=iphoneos*]" = "iPhone Developer";
				COPY_PHASE_STRIP = NO;
				DEBUG_INFORMATION_FORMAT = "dwarf-with-dsym";
				ENABLE_NS_ASSERTIONS = NO;
				ENABLE_STRICT_OBJC_MSGSEND = YES;
				GCC_C_LANGUAGE_STANDARD = gnu99;
				GCC_NO_COMMON_BLOCKS = YES;
				GCC_WARN_64_TO_32_BIT_CONVERSION = YES;
				GCC_WARN_ABOUT_RETURN_TYPE = YES_ERROR;
				GCC_WARN_UNDECLARED_SELECTOR = YES;
				GCC_WARN_UNINITIALIZED_AUTOS = YES_AGGRESSIVE;
				GCC_WARN_UNUSED_FUNCTION = YES;
				GCC_WARN_UNUSED_VARIABLE = YES;
				IPHONEOS_DEPLOYMENT_TARGET = 9.3;
				MTL_ENABLE_DEBUG_INFO = NO;
				SDKROOT = iphoneos;
				VALIDATE_PRODUCT = YES;
			};
			name = Release;
		};
		04B29C331D2118E0008D5A9B /* Debug */ = {
			isa = XCBuildConfiguration;
			buildSettings = {
				ASSETCATALOG_COMPILER_APPICON_NAME = AppIcon;
				ASSETCATALOG_COMPILER_LAUNCHIMAGE_NAME = LaunchImage;
				CODE_SIGN_IDENTITY = "iPhone Developer";
				GCC_PREFIX_HEADER = PrefixHeader.pch;
				INFOPLIST_FILE = Two/Info.plist;
				IPHONEOS_DEPLOYMENT_TARGET = 8.4;
				LD_RUNPATH_SEARCH_PATHS = "$(inherited) @executable_path/Frameworks";
				PRODUCT_BUNDLE_IDENTIFIER = com.cgb.trade.iphone;
				PRODUCT_NAME = "$(TARGET_NAME)";
				PROVISIONING_PROFILE = "";
			};
			name = Debug;
		};
		04B29C341D2118E0008D5A9B /* Release */ = {
			isa = XCBuildConfiguration;
			buildSettings = {
				ASSETCATALOG_COMPILER_APPICON_NAME = AppIcon;
				ASSETCATALOG_COMPILER_LAUNCHIMAGE_NAME = LaunchImage;
				CODE_SIGN_IDENTITY = "iPhone Developer";
				GCC_PREFIX_HEADER = PrefixHeader.pch;
				INFOPLIST_FILE = Two/Info.plist;
				IPHONEOS_DEPLOYMENT_TARGET = 8.4;
				LD_RUNPATH_SEARCH_PATHS = "$(inherited) @executable_path/Frameworks";
				PRODUCT_BUNDLE_IDENTIFIER = com.cgb.trade.iphone;
				PRODUCT_NAME = "$(TARGET_NAME)";
				PROVISIONING_PROFILE = "";
			};
			name = Release;
		};
		04B29C361D2118E0008D5A9B /* Debug */ = {
			isa = XCBuildConfiguration;
			buildSettings = {
				BUNDLE_LOADER = "$(TEST_HOST)";
				INFOPLIST_FILE = TwoTests/Info.plist;
				LD_RUNPATH_SEARCH_PATHS = "$(inherited) @executable_path/Frameworks @loader_path/Frameworks";
				PRODUCT_BUNDLE_IDENTIFIER = yqhx.TwoTests;
				PRODUCT_NAME = "$(TARGET_NAME)";
				TEST_HOST = "$(BUILT_PRODUCTS_DIR)/Two.app/Two";
			};
			name = Debug;
		};
		04B29C371D2118E0008D5A9B /* Release */ = {
			isa = XCBuildConfiguration;
			buildSettings = {
				BUNDLE_LOADER = "$(TEST_HOST)";
				INFOPLIST_FILE = TwoTests/Info.plist;
				LD_RUNPATH_SEARCH_PATHS = "$(inherited) @executable_path/Frameworks @loader_path/Frameworks";
				PRODUCT_BUNDLE_IDENTIFIER = yqhx.TwoTests;
				PRODUCT_NAME = "$(TARGET_NAME)";
				TEST_HOST = "$(BUILT_PRODUCTS_DIR)/Two.app/Two";
			};
			name = Release;
		};
		04B29C391D2118E0008D5A9B /* Debug */ = {
			isa = XCBuildConfiguration;
			buildSettings = {
				INFOPLIST_FILE = TwoUITests/Info.plist;
				LD_RUNPATH_SEARCH_PATHS = "$(inherited) @executable_path/Frameworks @loader_path/Frameworks";
				PRODUCT_BUNDLE_IDENTIFIER = yqhx.TwoUITests;
				PRODUCT_NAME = "$(TARGET_NAME)";
				TEST_TARGET_NAME = Two;
			};
			name = Debug;
		};
		04B29C3A1D2118E0008D5A9B /* Release */ = {
			isa = XCBuildConfiguration;
			buildSettings = {
				INFOPLIST_FILE = TwoUITests/Info.plist;
				LD_RUNPATH_SEARCH_PATHS = "$(inherited) @executable_path/Frameworks @loader_path/Frameworks";
				PRODUCT_BUNDLE_IDENTIFIER = yqhx.TwoUITests;
				PRODUCT_NAME = "$(TARGET_NAME)";
				TEST_TARGET_NAME = Two;
			};
			name = Release;
		};
/* End XCBuildConfiguration section */

/* Begin XCConfigurationList section */
		04B29BFD1D2118DF008D5A9B /* Build configuration list for PBXProject "Two" */ = {
			isa = XCConfigurationList;
			buildConfigurations = (
				04B29C301D2118E0008D5A9B /* Debug */,
				04B29C311D2118E0008D5A9B /* Release */,
			);
			defaultConfigurationIsVisible = 0;
			defaultConfigurationName = Release;
		};
		04B29C321D2118E0008D5A9B /* Build configuration list for PBXNativeTarget "Two" */ = {
			isa = XCConfigurationList;
			buildConfigurations = (
				04B29C331D2118E0008D5A9B /* Debug */,
				04B29C341D2118E0008D5A9B /* Release */,
			);
			defaultConfigurationIsVisible = 0;
			defaultConfigurationName = Release;
		};
		04B29C351D2118E0008D5A9B /* Build configuration list for PBXNativeTarget "TwoTests" */ = {
			isa = XCConfigurationList;
			buildConfigurations = (
				04B29C361D2118E0008D5A9B /* Debug */,
				04B29C371D2118E0008D5A9B /* Release */,
			);
			defaultConfigurationIsVisible = 0;
			defaultConfigurationName = Release;
		};
		04B29C381D2118E0008D5A9B /* Build configuration list for PBXNativeTarget "TwoUITests" */ = {
			isa = XCConfigurationList;
			buildConfigurations = (
				04B29C391D2118E0008D5A9B /* Debug */,
				04B29C3A1D2118E0008D5A9B /* Release */,
			);
			defaultConfigurationIsVisible = 0;
			defaultConfigurationName = Release;
		};
/* End XCConfigurationList section */

/* Begin XCVersionGroup section */
		04B29C111D2118E0008D5A9B /* Two.xcdatamodeld */ = {
			isa = XCVersionGroup;
			children = (
				04B29C121D2118E0008D5A9B /* Two.xcdatamodel */,
			);
			currentVersion = 04B29C121D2118E0008D5A9B /* Two.xcdatamodel */;
			path = Two.xcdatamodeld;
			sourceTree = "<group>";
			versionGroupType = wrapper.xcdatamodel;
		};
/* End XCVersionGroup section */
	};
	rootObject = 04B29BFA1D2118DF008D5A9B /* Project object */;
}
