// !$*UTF8*$!
{
	archiveVersion = 1;
	classes = {
	};
	objectVersion = 46;
	objects = {

/* Begin PBXBuildFile section */
		040600DD1D781CEF00E57E71 /* Contact.m in Sources */ = {isa = PBXBuildFile; fileRef = 040600DC1D781CEF00E57E71 /* Contact.m */; };
		040E440F1D546DAA00228361 /* ShareView.m in Sources */ = {isa = PBXBuildFile; fileRef = 040E440D1D546DAA00228361 /* ShareView.m */; };
		040E44101D546DAA00228361 /* ShareView.xib in Resources */ = {isa = PBXBuildFile; fileRef = 040E440E1D546DAA00228361 /* ShareView.xib */; };
		041220CF1D756160005173B2 /* Info.plist in Resources */ = {isa = PBXBuildFile; fileRef = 041220B51D756160005173B2 /* Info.plist */; };
		041220D01D756160005173B2 /* MASCompositeConstraint.m in Sources */ = {isa = PBXBuildFile; fileRef = 041220B71D756160005173B2 /* MASCompositeConstraint.m */; };
		041220D11D756160005173B2 /* MASConstraint.m in Sources */ = {isa = PBXBuildFile; fileRef = 041220BA1D756160005173B2 /* MASConstraint.m */; };
		041220D21D756160005173B2 /* MASConstraintMaker.m in Sources */ = {isa = PBXBuildFile; fileRef = 041220BC1D756160005173B2 /* MASConstraintMaker.m */; };
		041220D31D756160005173B2 /* MASLayoutConstraint.m in Sources */ = {isa = PBXBuildFile; fileRef = 041220BE1D756160005173B2 /* MASLayoutConstraint.m */; };
		041220D41D756160005173B2 /* MASViewAttribute.m in Sources */ = {isa = PBXBuildFile; fileRef = 041220C21D756160005173B2 /* MASViewAttribute.m */; };
		041220D51D756160005173B2 /* MASViewConstraint.m in Sources */ = {isa = PBXBuildFile; fileRef = 041220C41D756160005173B2 /* MASViewConstraint.m */; };
		041220D61D756160005173B2 /* NSArray+MASAdditions.m in Sources */ = {isa = PBXBuildFile; fileRef = 041220C61D756160005173B2 /* NSArray+MASAdditions.m */; };
		041220D71D756160005173B2 /* NSLayoutConstraint+MASDebugAdditions.m in Sources */ = {isa = PBXBuildFile; fileRef = 041220C91D756160005173B2 /* NSLayoutConstraint+MASDebugAdditions.m */; };
		041220D81D756160005173B2 /* View+MASAdditions.m in Sources */ = {isa = PBXBuildFile; fileRef = 041220CB1D756160005173B2 /* View+MASAdditions.m */; };
		041220D91D756160005173B2 /* ViewController+MASAdditions.m in Sources */ = {isa = PBXBuildFile; fileRef = 041220CE1D756160005173B2 /* ViewController+MASAdditions.m */; };
		041220E51D756668005173B2 /* Joker.m in Sources */ = {isa = PBXBuildFile; fileRef = 041220E41D756668005173B2 /* Joker.m */; };
		041A28A91D66DC24004FEA8F /* AFHTTPRequestOperation.m in Sources */ = {isa = PBXBuildFile; fileRef = 041A284F1D66DC24004FEA8F /* AFHTTPRequestOperation.m */; };
		041A28AA1D66DC24004FEA8F /* AFHTTPRequestOperationManager.m in Sources */ = {isa = PBXBuildFile; fileRef = 041A28511D66DC24004FEA8F /* AFHTTPRequestOperationManager.m */; };
		041A28AB1D66DC24004FEA8F /* AFHTTPSessionManager.m in Sources */ = {isa = PBXBuildFile; fileRef = 041A28531D66DC24004FEA8F /* AFHTTPSessionManager.m */; };
		041A28AC1D66DC24004FEA8F /* AFNetworkReachabilityManager.m in Sources */ = {isa = PBXBuildFile; fileRef = 041A28561D66DC24004FEA8F /* AFNetworkReachabilityManager.m */; };
		041A28AD1D66DC24004FEA8F /* AFSecurityPolicy.m in Sources */ = {isa = PBXBuildFile; fileRef = 041A28581D66DC24004FEA8F /* AFSecurityPolicy.m */; };
		041A28AE1D66DC24004FEA8F /* AFURLConnectionOperation.m in Sources */ = {isa = PBXBuildFile; fileRef = 041A285A1D66DC24004FEA8F /* AFURLConnectionOperation.m */; };
		041A28AF1D66DC24004FEA8F /* AFURLRequestSerialization.m in Sources */ = {isa = PBXBuildFile; fileRef = 041A285C1D66DC24004FEA8F /* AFURLRequestSerialization.m */; };
		041A28B01D66DC24004FEA8F /* AFURLResponseSerialization.m in Sources */ = {isa = PBXBuildFile; fileRef = 041A285E1D66DC24004FEA8F /* AFURLResponseSerialization.m */; };
		041A28B11D66DC24004FEA8F /* AFURLSessionManager.m in Sources */ = {isa = PBXBuildFile; fileRef = 041A28601D66DC24004FEA8F /* AFURLSessionManager.m */; };
		041A28BB1D66DC24004FEA8F /* MJRefresh.bundle in Resources */ = {isa = PBXBuildFile; fileRef = 041A28771D66DC24004FEA8F /* MJRefresh.bundle */; };
		041A28BC1D66DC24004FEA8F /* MJRefreshBaseView.m in Sources */ = {isa = PBXBuildFile; fileRef = 041A287A1D66DC24004FEA8F /* MJRefreshBaseView.m */; };
		041A28BD1D66DC24004FEA8F /* MJRefreshConst.m in Sources */ = {isa = PBXBuildFile; fileRef = 041A287C1D66DC24004FEA8F /* MJRefreshConst.m */; };
		041A28BE1D66DC24004FEA8F /* MJRefreshFooterView.m in Sources */ = {isa = PBXBuildFile; fileRef = 041A287E1D66DC24004FEA8F /* MJRefreshFooterView.m */; };
		041A28BF1D66DC24004FEA8F /* MJRefreshHeaderView.m in Sources */ = {isa = PBXBuildFile; fileRef = 041A28801D66DC24004FEA8F /* MJRefreshHeaderView.m */; };
		041A28C01D66DC24004FEA8F /* UIScrollView+MJExtension.m in Sources */ = {isa = PBXBuildFile; fileRef = 041A28821D66DC24004FEA8F /* UIScrollView+MJExtension.m */; };
		041A28C11D66DC24004FEA8F /* UIScrollView+MJRefresh.m in Sources */ = {isa = PBXBuildFile; fileRef = 041A28841D66DC24004FEA8F /* UIScrollView+MJRefresh.m */; };
		041A28C21D66DC24004FEA8F /* UIView+MJExtension.m in Sources */ = {isa = PBXBuildFile; fileRef = 041A28861D66DC24004FEA8F /* UIView+MJExtension.m */; };
		041A28C31D66DC24004FEA8F /* MKAnnotationView+WebCache.m in Sources */ = {isa = PBXBuildFile; fileRef = 041A28891D66DC24004FEA8F /* MKAnnotationView+WebCache.m */; };
		041A28C41D66DC24004FEA8F /* NSData+ImageContentType.m in Sources */ = {isa = PBXBuildFile; fileRef = 041A288B1D66DC24004FEA8F /* NSData+ImageContentType.m */; };
		041A28C51D66DC24004FEA8F /* SDImageCache.m in Sources */ = {isa = PBXBuildFile; fileRef = 041A288D1D66DC24004FEA8F /* SDImageCache.m */; };
		041A28C61D66DC24004FEA8F /* SDWebImageCompat.m in Sources */ = {isa = PBXBuildFile; fileRef = 041A288F1D66DC24004FEA8F /* SDWebImageCompat.m */; };
		041A28C71D66DC24004FEA8F /* SDWebImageDecoder.m in Sources */ = {isa = PBXBuildFile; fileRef = 041A28911D66DC24004FEA8F /* SDWebImageDecoder.m */; };
		041A28C81D66DC24004FEA8F /* SDWebImageDownloader.m in Sources */ = {isa = PBXBuildFile; fileRef = 041A28931D66DC24004FEA8F /* SDWebImageDownloader.m */; };
		041A28C91D66DC24004FEA8F /* SDWebImageDownloaderOperation.m in Sources */ = {isa = PBXBuildFile; fileRef = 041A28951D66DC24004FEA8F /* SDWebImageDownloaderOperation.m */; };
		041A28CA1D66DC24004FEA8F /* SDWebImageManager.m in Sources */ = {isa = PBXBuildFile; fileRef = 041A28971D66DC24004FEA8F /* SDWebImageManager.m */; };
		041A28CB1D66DC24004FEA8F /* SDWebImagePrefetcher.m in Sources */ = {isa = PBXBuildFile; fileRef = 041A289A1D66DC24004FEA8F /* SDWebImagePrefetcher.m */; };
		041A28CC1D66DC24004FEA8F /* UIButton+WebCache.m in Sources */ = {isa = PBXBuildFile; fileRef = 041A289C1D66DC24004FEA8F /* UIButton+WebCache.m */; };
		041A28CD1D66DC24004FEA8F /* UIImage+GIF.m in Sources */ = {isa = PBXBuildFile; fileRef = 041A289E1D66DC24004FEA8F /* UIImage+GIF.m */; };
		041A28CE1D66DC24004FEA8F /* UIImage+MultiFormat.m in Sources */ = {isa = PBXBuildFile; fileRef = 041A28A01D66DC24004FEA8F /* UIImage+MultiFormat.m */; };
		041A28CF1D66DC24004FEA8F /* UIImage+WebP.m in Sources */ = {isa = PBXBuildFile; fileRef = 041A28A21D66DC24004FEA8F /* UIImage+WebP.m */; };
		041A28D01D66DC24004FEA8F /* UIImageView+HighlightedWebCache.m in Sources */ = {isa = PBXBuildFile; fileRef = 041A28A41D66DC24004FEA8F /* UIImageView+HighlightedWebCache.m */; };
		041A28D11D66DC24004FEA8F /* UIImageView+WebCache.m in Sources */ = {isa = PBXBuildFile; fileRef = 041A28A61D66DC24004FEA8F /* UIImageView+WebCache.m */; };
		041A28D21D66DC24004FEA8F /* UIView+WebCacheOperation.m in Sources */ = {isa = PBXBuildFile; fileRef = 041A28A81D66DC24004FEA8F /* UIView+WebCacheOperation.m */; };
		0422A4F01DC2ED5B003276FF /* PresentModal.m in Sources */ = {isa = PBXBuildFile; fileRef = 0422A4EF1DC2ED5B003276FF /* PresentModal.m */; };
		0422A4F31DC2EEFF003276FF /* Modal.m in Sources */ = {isa = PBXBuildFile; fileRef = 0422A4F21DC2EEFF003276FF /* Modal.m */; };
		04245EDC1D75378900BAD874 /* taliya.jpg in Resources */ = {isa = PBXBuildFile; fileRef = 04245EDB1D75378900BAD874 /* taliya.jpg */; };
		042A5EAA1D5DABE900F4E3D5 /* DeckViewController.m in Sources */ = {isa = PBXBuildFile; fileRef = 042A5EA71D5DABE900F4E3D5 /* DeckViewController.m */; };
		042A5EAB1D5DABE900F4E3D5 /* UIView_extra.m in Sources */ = {isa = PBXBuildFile; fileRef = 042A5EA91D5DABE900F4E3D5 /* UIView_extra.m */; };
		042A5EAE1D5DAE4C00F4E3D5 /* LLeftView.m in Sources */ = {isa = PBXBuildFile; fileRef = 042A5EAD1D5DAE4C00F4E3D5 /* LLeftView.m */; };
		042A5EB41D5DAEE600F4E3D5 /* UIView+DHTransform3D.m in Sources */ = {isa = PBXBuildFile; fileRef = 042A5EB31D5DAEE600F4E3D5 /* UIView+DHTransform3D.m */; };
		042A5EB81D5DAF4100F4E3D5 /* DHVector.m in Sources */ = {isa = PBXBuildFile; fileRef = 042A5EB71D5DAF4100F4E3D5 /* DHVector.m */; };
		04529B921D7E587400069DDB /* ContactsUI.framework in Frameworks */ = {isa = PBXBuildFile; fileRef = 04529B911D7E587400069DDB /* ContactsUI.framework */; };
		04529B961D7E5A4D00069DDB /* Flashlight.m in Sources */ = {isa = PBXBuildFile; fileRef = 04529B951D7E5A4D00069DDB /* Flashlight.m */; };
		0454715B1D66A8DD00C9BBFC /* LAdvView.m in Sources */ = {isa = PBXBuildFile; fileRef = 0454715A1D66A8DD00C9BBFC /* LAdvView.m */; };
		0488F2531D3510230040E9A0 /* 1.jpg in Resources */ = {isa = PBXBuildFile; fileRef = 0488F2421D3510230040E9A0 /* 1.jpg */; };
		0488F2541D3510230040E9A0 /* 2.jpg in Resources */ = {isa = PBXBuildFile; fileRef = 0488F2431D3510230040E9A0 /* 2.jpg */; };
		0488F2551D3510230040E9A0 /* 3.jpg in Resources */ = {isa = PBXBuildFile; fileRef = 0488F2441D3510230040E9A0 /* 3.jpg */; };
		0488F2561D3510230040E9A0 /* 4.jpg in Resources */ = {isa = PBXBuildFile; fileRef = 0488F2451D3510230040E9A0 /* 4.jpg */; };
		0488F2581D3510230040E9A0 /* 5.jpg in Resources */ = {isa = PBXBuildFile; fileRef = 0488F2471D3510230040E9A0 /* 5.jpg */; };
		0488F2591D3510230040E9A0 /* 6.jpg in Resources */ = {isa = PBXBuildFile; fileRef = 0488F2481D3510230040E9A0 /* 6.jpg */; };
		0488F25A1D3510230040E9A0 /* 7.jpg in Resources */ = {isa = PBXBuildFile; fileRef = 0488F2491D3510230040E9A0 /* 7.jpg */; };
		0488F25B1D3510230040E9A0 /* 8.jpg in Resources */ = {isa = PBXBuildFile; fileRef = 0488F24A1D3510230040E9A0 /* 8.jpg */; };
		0488F25C1D3510230040E9A0 /* 9.jpg in Resources */ = {isa = PBXBuildFile; fileRef = 0488F24B1D3510230040E9A0 /* 9.jpg */; };
		0488F25D1D3510230040E9A0 /* 1468009249368.jpg in Resources */ = {isa = PBXBuildFile; fileRef = 0488F24C1D3510230040E9A0 /* 1468009249368.jpg */; };
		0488F25E1D3510230040E9A0 /* 1468009251628.jpg in Resources */ = {isa = PBXBuildFile; fileRef = 0488F24D1D3510230040E9A0 /* 1468009251628.jpg */; };
		0488F25F1D3510230040E9A0 /* 0.jpg in Resources */ = {isa = PBXBuildFile; fileRef = 0488F24E1D3510230040E9A0 /* 0.jpg */; };
		0488F2601D3510230040E9A0 /* 1468009307267.jpg in Resources */ = {isa = PBXBuildFile; fileRef = 0488F24F1D3510230040E9A0 /* 1468009307267.jpg */; };
		0488F2611D3510230040E9A0 /* 1468009316010.jpg in Resources */ = {isa = PBXBuildFile; fileRef = 0488F2501D3510230040E9A0 /* 1468009316010.jpg */; };
		0488F2621D3510230040E9A0 /* 1468060738914.jpg in Resources */ = {isa = PBXBuildFile; fileRef = 0488F2511D3510230040E9A0 /* 1468060738914.jpg */; };
		0488F2631D3510230040E9A0 /* 1468126481996.jpg in Resources */ = {isa = PBXBuildFile; fileRef = 0488F2521D3510230040E9A0 /* 1468126481996.jpg */; };
		04B29C071D2118E0008D5A9B /* main.m in Sources */ = {isa = PBXBuildFile; fileRef = 04B29C061D2118E0008D5A9B /* main.m */; };
		04B29C0A1D2118E0008D5A9B /* AppDelegate.m in Sources */ = {isa = PBXBuildFile; fileRef = 04B29C091D2118E0008D5A9B /* AppDelegate.m */; };
		04B29C0D1D2118E0008D5A9B /* ViewController.m in Sources */ = {isa = PBXBuildFile; fileRef = 04B29C0C1D2118E0008D5A9B /* ViewController.m */; };
		04B29C101D2118E0008D5A9B /* MainVC.storyboard in Resources */ = {isa = PBXBuildFile; fileRef = 04B29C0E1D2118E0008D5A9B /* MainVC.storyboard */; };
		04B29C131D2118E0008D5A9B /* Two.xcdatamodeld in Sources */ = {isa = PBXBuildFile; fileRef = 04B29C111D2118E0008D5A9B /* Two.xcdatamodeld */; };
		04B29C151D2118E0008D5A9B /* Images.xcassets in Resources */ = {isa = PBXBuildFile; fileRef = 04B29C141D2118E0008D5A9B /* Images.xcassets */; };
		04B29C231D2118E0008D5A9B /* TwoTests.m in Sources */ = {isa = PBXBuildFile; fileRef = 04B29C221D2118E0008D5A9B /* TwoTests.m */; };
		04B29C2E1D2118E0008D5A9B /* TwoUITests.m in Sources */ = {isa = PBXBuildFile; fileRef = 04B29C2D1D2118E0008D5A9B /* TwoUITests.m */; };
		04C41A141D9BC0B000495224 /* FirstVC.m in Sources */ = {isa = PBXBuildFile; fileRef = 04C41A131D9BC0B000495224 /* FirstVC.m */; };
		04C41A171D9BC0DD00495224 /* SecondVC.m in Sources */ = {isa = PBXBuildFile; fileRef = 04C41A161D9BC0DD00495224 /* SecondVC.m */; };
		04C9C20F1D45FFB000119B7E /* SocketVC.m in Sources */ = {isa = PBXBuildFile; fileRef = 04C9C20E1D45FFB000119B7E /* SocketVC.m */; };
		04C9C21F1D46465C00119B7E /* LCAShapeLayer.m in Sources */ = {isa = PBXBuildFile; fileRef = 04C9C21E1D46465C00119B7E /* LCAShapeLayer.m */; };
		04C9C2221D46494800119B7E /* LCAShapeLayerVC.m in Sources */ = {isa = PBXBuildFile; fileRef = 04C9C2211D46494800119B7E /* LCAShapeLayerVC.m */; };
		04CCC54D1D73DE870005FADC /* BackgroundView.xib in Resources */ = {isa = PBXBuildFile; fileRef = 04CCC54C1D73DE870005FADC /* BackgroundView.xib */; };
		04CCC5501D73E0840005FADC /* BackgroundView.m in Sources */ = {isa = PBXBuildFile; fileRef = 04CCC54F1D73E0840005FADC /* BackgroundView.m */; };
		04FDD28E1D38E24B00B5D0DD /* LGuidePage.m in Sources */ = {isa = PBXBuildFile; fileRef = 04FDD28D1D38E24B00B5D0DD /* LGuidePage.m */; };
/* End PBXBuildFile section */

/* Begin PBXContainerItemProxy section */
		04B29C1F1D2118E0008D5A9B /* PBXContainerItemProxy */ = {
			isa = PBXContainerItemProxy;
			containerPortal = 04B29BFA1D2118DF008D5A9B /* Project object */;
			proxyType = 1;
			remoteGlobalIDString = 04B29C011D2118DF008D5A9B;
			remoteInfo = Two;
		};
		04B29C2A1D2118E0008D5A9B /* PBXContainerItemProxy */ = {
			isa = PBXContainerItemProxy;
			containerPortal = 04B29BFA1D2118DF008D5A9B /* Project object */;
			proxyType = 1;
			remoteGlobalIDString = 04B29C011D2118DF008D5A9B;
			remoteInfo = Two;
		};
/* End PBXContainerItemProxy section */

/* Begin PBXFileReference section */
		040600DB1D781CEF00E57E71 /* Contact.h */ = {isa = PBXFileReference; fileEncoding = 4; lastKnownFileType = sourcecode.c.h; path = Contact.h; sourceTree = "<group>"; };
		040600DC1D781CEF00E57E71 /* Contact.m */ = {isa = PBXFileReference; fileEncoding = 4; lastKnownFileType = sourcecode.c.objc; path = Contact.m; sourceTree = "<group>"; };
		040E440C1D546DAA00228361 /* ShareView.h */ = {isa = PBXFileReference; fileEncoding = 4; lastKnownFileType = sourcecode.c.h; path = ShareView.h; sourceTree = "<group>"; };
		040E440D1D546DAA00228361 /* ShareView.m */ = {isa = PBXFileReference; fileEncoding = 4; lastKnownFileType = sourcecode.c.objc; path = ShareView.m; sourceTree = "<group>"; };
		040E440E1D546DAA00228361 /* ShareView.xib */ = {isa = PBXFileReference; fileEncoding = 4; lastKnownFileType = file.xib; path = ShareView.xib; sourceTree = "<group>"; };
		041220B51D756160005173B2 /* Info.plist */ = {isa = PBXFileReference; fileEncoding = 4; lastKnownFileType = text.plist.xml; path = Info.plist; sourceTree = "<group>"; };
		041220B61D756160005173B2 /* MASCompositeConstraint.h */ = {isa = PBXFileReference; fileEncoding = 4; lastKnownFileType = sourcecode.c.h; path = MASCompositeConstraint.h; sourceTree = "<group>"; };
		041220B71D756160005173B2 /* MASCompositeConstraint.m */ = {isa = PBXFileReference; fileEncoding = 4; lastKnownFileType = sourcecode.c.objc; path = MASCompositeConstraint.m; sourceTree = "<group>"; };
		041220B81D756160005173B2 /* MASConstraint+Private.h */ = {isa = PBXFileReference; fileEncoding = 4; lastKnownFileType = sourcecode.c.h; path = "MASConstraint+Private.h"; sourceTree = "<group>"; };
		041220B91D756160005173B2 /* MASConstraint.h */ = {isa = PBXFileReference; fileEncoding = 4; lastKnownFileType = sourcecode.c.h; path = MASConstraint.h; sourceTree = "<group>"; };
		041220BA1D756160005173B2 /* MASConstraint.m */ = {isa = PBXFileReference; fileEncoding = 4; lastKnownFileType = sourcecode.c.objc; path = MASConstraint.m; sourceTree = "<group>"; };
		041220BB1D756160005173B2 /* MASConstraintMaker.h */ = {isa = PBXFileReference; fileEncoding = 4; lastKnownFileType = sourcecode.c.h; path = MASConstraintMaker.h; sourceTree = "<group>"; };
		041220BC1D756160005173B2 /* MASConstraintMaker.m */ = {isa = PBXFileReference; fileEncoding = 4; lastKnownFileType = sourcecode.c.objc; path = MASConstraintMaker.m; sourceTree = "<group>"; };
		041220BD1D756160005173B2 /* MASLayoutConstraint.h */ = {isa = PBXFileReference; fileEncoding = 4; lastKnownFileType = sourcecode.c.h; path = MASLayoutConstraint.h; sourceTree = "<group>"; };
		041220BE1D756160005173B2 /* MASLayoutConstraint.m */ = {isa = PBXFileReference; fileEncoding = 4; lastKnownFileType = sourcecode.c.objc; path = MASLayoutConstraint.m; sourceTree = "<group>"; };
		041220BF1D756160005173B2 /* Masonry.h */ = {isa = PBXFileReference; fileEncoding = 4; lastKnownFileType = sourcecode.c.h; path = Masonry.h; sourceTree = "<group>"; };
		041220C01D756160005173B2 /* MASUtilities.h */ = {isa = PBXFileReference; fileEncoding = 4; lastKnownFileType = sourcecode.c.h; path = MASUtilities.h; sourceTree = "<group>"; };
		041220C11D756160005173B2 /* MASViewAttribute.h */ = {isa = PBXFileReference; fileEncoding = 4; lastKnownFileType = sourcecode.c.h; path = MASViewAttribute.h; sourceTree = "<group>"; };
		041220C21D756160005173B2 /* MASViewAttribute.m */ = {isa = PBXFileReference; fileEncoding = 4; lastKnownFileType = sourcecode.c.objc; path = MASViewAttribute.m; sourceTree = "<group>"; };
		041220C31D756160005173B2 /* MASViewConstraint.h */ = {isa = PBXFileReference; fileEncoding = 4; lastKnownFileType = sourcecode.c.h; path = MASViewConstraint.h; sourceTree = "<group>"; };
		041220C41D756160005173B2 /* MASViewConstraint.m */ = {isa = PBXFileReference; fileEncoding = 4; lastKnownFileType = sourcecode.c.objc; path = MASViewConstraint.m; sourceTree = "<group>"; };
		041220C51D756160005173B2 /* NSArray+MASAdditions.h */ = {isa = PBXFileReference; fileEncoding = 4; lastKnownFileType = sourcecode.c.h; path = "NSArray+MASAdditions.h"; sourceTree = "<group>"; };
		041220C61D756160005173B2 /* NSArray+MASAdditions.m */ = {isa = PBXFileReference; fileEncoding = 4; lastKnownFileType = sourcecode.c.objc; path = "NSArray+MASAdditions.m"; sourceTree = "<group>"; };
		041220C71D756160005173B2 /* NSArray+MASShorthandAdditions.h */ = {isa = PBXFileReference; fileEncoding = 4; lastKnownFileType = sourcecode.c.h; path = "NSArray+MASShorthandAdditions.h"; sourceTree = "<group>"; };
		041220C81D756160005173B2 /* NSLayoutConstraint+MASDebugAdditions.h */ = {isa = PBXFileReference; fileEncoding = 4; lastKnownFileType = sourcecode.c.h; path = "NSLayoutConstraint+MASDebugAdditions.h"; sourceTree = "<group>"; };
		041220C91D756160005173B2 /* NSLayoutConstraint+MASDebugAdditions.m */ = {isa = PBXFileReference; fileEncoding = 4; lastKnownFileType = sourcecode.c.objc; path = "NSLayoutConstraint+MASDebugAdditions.m"; sourceTree = "<group>"; };
		041220CA1D756160005173B2 /* View+MASAdditions.h */ = {isa = PBXFileReference; fileEncoding = 4; lastKnownFileType = sourcecode.c.h; path = "View+MASAdditions.h"; sourceTree = "<group>"; };
		041220CB1D756160005173B2 /* View+MASAdditions.m */ = {isa = PBXFileReference; fileEncoding = 4; lastKnownFileType = sourcecode.c.objc; path = "View+MASAdditions.m"; sourceTree = "<group>"; };
		041220CC1D756160005173B2 /* View+MASShorthandAdditions.h */ = {isa = PBXFileReference; fileEncoding = 4; lastKnownFileType = sourcecode.c.h; path = "View+MASShorthandAdditions.h"; sourceTree = "<group>"; };
		041220CD1D756160005173B2 /* ViewController+MASAdditions.h */ = {isa = PBXFileReference; fileEncoding = 4; lastKnownFileType = sourcecode.c.h; path = "ViewController+MASAdditions.h"; sourceTree = "<group>"; };
		041220CE1D756160005173B2 /* ViewController+MASAdditions.m */ = {isa = PBXFileReference; fileEncoding = 4; lastKnownFileType = sourcecode.c.objc; path = "ViewController+MASAdditions.m"; sourceTree = "<group>"; };
		041220E31D756668005173B2 /* Joker.h */ = {isa = PBXFileReference; fileEncoding = 4; lastKnownFileType = sourcecode.c.h; path = Joker.h; sourceTree = "<group>"; };
		041220E41D756668005173B2 /* Joker.m */ = {isa = PBXFileReference; fileEncoding = 4; lastKnownFileType = sourcecode.c.objc; path = Joker.m; sourceTree = "<group>"; };
		041A284E1D66DC24004FEA8F /* AFHTTPRequestOperation.h */ = {isa = PBXFileReference; fileEncoding = 4; lastKnownFileType = sourcecode.c.h; path = AFHTTPRequestOperation.h; sourceTree = "<group>"; };
		041A284F1D66DC24004FEA8F /* AFHTTPRequestOperation.m */ = {isa = PBXFileReference; fileEncoding = 4; lastKnownFileType = sourcecode.c.objc; path = AFHTTPRequestOperation.m; sourceTree = "<group>"; };
		041A28501D66DC24004FEA8F /* AFHTTPRequestOperationManager.h */ = {isa = PBXFileReference; fileEncoding = 4; lastKnownFileType = sourcecode.c.h; path = AFHTTPRequestOperationManager.h; sourceTree = "<group>"; };
		041A28511D66DC24004FEA8F /* AFHTTPRequestOperationManager.m */ = {isa = PBXFileReference; fileEncoding = 4; lastKnownFileType = sourcecode.c.objc; path = AFHTTPRequestOperationManager.m; sourceTree = "<group>"; };
		041A28521D66DC24004FEA8F /* AFHTTPSessionManager.h */ = {isa = PBXFileReference; fileEncoding = 4; lastKnownFileType = sourcecode.c.h; path = AFHTTPSessionManager.h; sourceTree = "<group>"; };
		041A28531D66DC24004FEA8F /* AFHTTPSessionManager.m */ = {isa = PBXFileReference; fileEncoding = 4; lastKnownFileType = sourcecode.c.objc; path = AFHTTPSessionManager.m; sourceTree = "<group>"; };
		041A28541D66DC24004FEA8F /* AFNetworking.h */ = {isa = PBXFileReference; fileEncoding = 4; lastKnownFileType = sourcecode.c.h; path = AFNetworking.h; sourceTree = "<group>"; };
		041A28551D66DC24004FEA8F /* AFNetworkReachabilityManager.h */ = {isa = PBXFileReference; fileEncoding = 4; lastKnownFileType = sourcecode.c.h; path = AFNetworkReachabilityManager.h; sourceTree = "<group>"; };
		041A28561D66DC24004FEA8F /* AFNetworkReachabilityManager.m */ = {isa = PBXFileReference; fileEncoding = 4; lastKnownFileType = sourcecode.c.objc; path = AFNetworkReachabilityManager.m; sourceTree = "<group>"; };
		041A28571D66DC24004FEA8F /* AFSecurityPolicy.h */ = {isa = PBXFileReference; fileEncoding = 4; lastKnownFileType = sourcecode.c.h; path = AFSecurityPolicy.h; sourceTree = "<group>"; };
		041A28581D66DC24004FEA8F /* AFSecurityPolicy.m */ = {isa = PBXFileReference; fileEncoding = 4; lastKnownFileType = sourcecode.c.objc; path = AFSecurityPolicy.m; sourceTree = "<group>"; };
		041A28591D66DC24004FEA8F /* AFURLConnectionOperation.h */ = {isa = PBXFileReference; fileEncoding = 4; lastKnownFileType = sourcecode.c.h; path = AFURLConnectionOperation.h; sourceTree = "<group>"; };
		041A285A1D66DC24004FEA8F /* AFURLConnectionOperation.m */ = {isa = PBXFileReference; fileEncoding = 4; lastKnownFileType = sourcecode.c.objc; path = AFURLConnectionOperation.m; sourceTree = "<group>"; };
		041A285B1D66DC24004FEA8F /* AFURLRequestSerialization.h */ = {isa = PBXFileReference; fileEncoding = 4; lastKnownFileType = sourcecode.c.h; path = AFURLRequestSerialization.h; sourceTree = "<group>"; };
		041A285C1D66DC24004FEA8F /* AFURLRequestSerialization.m */ = {isa = PBXFileReference; fileEncoding = 4; lastKnownFileType = sourcecode.c.objc; path = AFURLRequestSerialization.m; sourceTree = "<group>"; };
		041A285D1D66DC24004FEA8F /* AFURLResponseSerialization.h */ = {isa = PBXFileReference; fileEncoding = 4; lastKnownFileType = sourcecode.c.h; path = AFURLResponseSerialization.h; sourceTree = "<group>"; };
		041A285E1D66DC24004FEA8F /* AFURLResponseSerialization.m */ = {isa = PBXFileReference; fileEncoding = 4; lastKnownFileType = sourcecode.c.objc; path = AFURLResponseSerialization.m; sourceTree = "<group>"; };
		041A285F1D66DC24004FEA8F /* AFURLSessionManager.h */ = {isa = PBXFileReference; fileEncoding = 4; lastKnownFileType = sourcecode.c.h; path = AFURLSessionManager.h; sourceTree = "<group>"; };
		041A28601D66DC24004FEA8F /* AFURLSessionManager.m */ = {isa = PBXFileReference; fileEncoding = 4; lastKnownFileType = sourcecode.c.objc; path = AFURLSessionManager.m; sourceTree = "<group>"; };
		041A28771D66DC24004FEA8F /* MJRefresh.bundle */ = {isa = PBXFileReference; lastKnownFileType = "wrapper.plug-in"; path = MJRefresh.bundle; sourceTree = "<group>"; };
		041A28781D66DC24004FEA8F /* MJRefresh.h */ = {isa = PBXFileReference; fileEncoding = 4; lastKnownFileType = sourcecode.c.h; path = MJRefresh.h; sourceTree = "<group>"; };
		041A28791D66DC24004FEA8F /* MJRefreshBaseView.h */ = {isa = PBXFileReference; fileEncoding = 4; lastKnownFileType = sourcecode.c.h; path = MJRefreshBaseView.h; sourceTree = "<group>"; };
		041A287A1D66DC24004FEA8F /* MJRefreshBaseView.m */ = {isa = PBXFileReference; fileEncoding = 4; lastKnownFileType = sourcecode.c.objc; path = MJRefreshBaseView.m; sourceTree = "<group>"; };
		041A287B1D66DC24004FEA8F /* MJRefreshConst.h */ = {isa = PBXFileReference; fileEncoding = 4; lastKnownFileType = sourcecode.c.h; path = MJRefreshConst.h; sourceTree = "<group>"; };
		041A287C1D66DC24004FEA8F /* MJRefreshConst.m */ = {isa = PBXFileReference; fileEncoding = 4; lastKnownFileType = sourcecode.c.objc; path = MJRefreshConst.m; sourceTree = "<group>"; };
		041A287D1D66DC24004FEA8F /* MJRefreshFooterView.h */ = {isa = PBXFileReference; fileEncoding = 4; lastKnownFileType = sourcecode.c.h; path = MJRefreshFooterView.h; sourceTree = "<group>"; };
		041A287E1D66DC24004FEA8F /* MJRefreshFooterView.m */ = {isa = PBXFileReference; fileEncoding = 4; lastKnownFileType = sourcecode.c.objc; path = MJRefreshFooterView.m; sourceTree = "<group>"; };
		041A287F1D66DC24004FEA8F /* MJRefreshHeaderView.h */ = {isa = PBXFileReference; fileEncoding = 4; lastKnownFileType = sourcecode.c.h; path = MJRefreshHeaderView.h; sourceTree = "<group>"; };
		041A28801D66DC24004FEA8F /* MJRefreshHeaderView.m */ = {isa = PBXFileReference; fileEncoding = 4; lastKnownFileType = sourcecode.c.objc; path = MJRefreshHeaderView.m; sourceTree = "<group>"; };
		041A28811D66DC24004FEA8F /* UIScrollView+MJExtension.h */ = {isa = PBXFileReference; fileEncoding = 4; lastKnownFileType = sourcecode.c.h; path = "UIScrollView+MJExtension.h"; sourceTree = "<group>"; };
		041A28821D66DC24004FEA8F /* UIScrollView+MJExtension.m */ = {isa = PBXFileReference; fileEncoding = 4; lastKnownFileType = sourcecode.c.objc; path = "UIScrollView+MJExtension.m"; sourceTree = "<group>"; };
		041A28831D66DC24004FEA8F /* UIScrollView+MJRefresh.h */ = {isa = PBXFileReference; fileEncoding = 4; lastKnownFileType = sourcecode.c.h; path = "UIScrollView+MJRefresh.h"; sourceTree = "<group>"; };
		041A28841D66DC24004FEA8F /* UIScrollView+MJRefresh.m */ = {isa = PBXFileReference; fileEncoding = 4; lastKnownFileType = sourcecode.c.objc; path = "UIScrollView+MJRefresh.m"; sourceTree = "<group>"; };
		041A28851D66DC24004FEA8F /* UIView+MJExtension.h */ = {isa = PBXFileReference; fileEncoding = 4; lastKnownFileType = sourcecode.c.h; path = "UIView+MJExtension.h"; sourceTree = "<group>"; };
		041A28861D66DC24004FEA8F /* UIView+MJExtension.m */ = {isa = PBXFileReference; fileEncoding = 4; lastKnownFileType = sourcecode.c.objc; path = "UIView+MJExtension.m"; sourceTree = "<group>"; };
		041A28881D66DC24004FEA8F /* MKAnnotationView+WebCache.h */ = {isa = PBXFileReference; fileEncoding = 4; lastKnownFileType = sourcecode.c.h; path = "MKAnnotationView+WebCache.h"; sourceTree = "<group>"; };
		041A28891D66DC24004FEA8F /* MKAnnotationView+WebCache.m */ = {isa = PBXFileReference; fileEncoding = 4; lastKnownFileType = sourcecode.c.objc; path = "MKAnnotationView+WebCache.m"; sourceTree = "<group>"; };
		041A288A1D66DC24004FEA8F /* NSData+ImageContentType.h */ = {isa = PBXFileReference; fileEncoding = 4; lastKnownFileType = sourcecode.c.h; path = "NSData+ImageContentType.h"; sourceTree = "<group>"; };
		041A288B1D66DC24004FEA8F /* NSData+ImageContentType.m */ = {isa = PBXFileReference; fileEncoding = 4; lastKnownFileType = sourcecode.c.objc; path = "NSData+ImageContentType.m"; sourceTree = "<group>"; };
		041A288C1D66DC24004FEA8F /* SDImageCache.h */ = {isa = PBXFileReference; fileEncoding = 4; lastKnownFileType = sourcecode.c.h; path = SDImageCache.h; sourceTree = "<group>"; };
		041A288D1D66DC24004FEA8F /* SDImageCache.m */ = {isa = PBXFileReference; fileEncoding = 4; lastKnownFileType = sourcecode.c.objc; path = SDImageCache.m; sourceTree = "<group>"; };
		041A288E1D66DC24004FEA8F /* SDWebImageCompat.h */ = {isa = PBXFileReference; fileEncoding = 4; lastKnownFileType = sourcecode.c.h; path = SDWebImageCompat.h; sourceTree = "<group>"; };
		041A288F1D66DC24004FEA8F /* SDWebImageCompat.m */ = {isa = PBXFileReference; fileEncoding = 4; lastKnownFileType = sourcecode.c.objc; path = SDWebImageCompat.m; sourceTree = "<group>"; };
		041A28901D66DC24004FEA8F /* SDWebImageDecoder.h */ = {isa = PBXFileReference; fileEncoding = 4; lastKnownFileType = sourcecode.c.h; path = SDWebImageDecoder.h; sourceTree = "<group>"; };
		041A28911D66DC24004FEA8F /* SDWebImageDecoder.m */ = {isa = PBXFileReference; fileEncoding = 4; lastKnownFileType = sourcecode.c.objc; path = SDWebImageDecoder.m; sourceTree = "<group>"; };
		041A28921D66DC24004FEA8F /* SDWebImageDownloader.h */ = {isa = PBXFileReference; fileEncoding = 4; lastKnownFileType = sourcecode.c.h; path = SDWebImageDownloader.h; sourceTree = "<group>"; };
		041A28931D66DC24004FEA8F /* SDWebImageDownloader.m */ = {isa = PBXFileReference; fileEncoding = 4; lastKnownFileType = sourcecode.c.objc; path = SDWebImageDownloader.m; sourceTree = "<group>"; };
		041A28941D66DC24004FEA8F /* SDWebImageDownloaderOperation.h */ = {isa = PBXFileReference; fileEncoding = 4; lastKnownFileType = sourcecode.c.h; path = SDWebImageDownloaderOperation.h; sourceTree = "<group>"; };
		041A28951D66DC24004FEA8F /* SDWebImageDownloaderOperation.m */ = {isa = PBXFileReference; fileEncoding = 4; lastKnownFileType = sourcecode.c.objc; path = SDWebImageDownloaderOperation.m; sourceTree = "<group>"; };
		041A28961D66DC24004FEA8F /* SDWebImageManager.h */ = {isa = PBXFileReference; fileEncoding = 4; lastKnownFileType = sourcecode.c.h; path = SDWebImageManager.h; sourceTree = "<group>"; };
		041A28971D66DC24004FEA8F /* SDWebImageManager.m */ = {isa = PBXFileReference; fileEncoding = 4; lastKnownFileType = sourcecode.c.objc; path = SDWebImageManager.m; sourceTree = "<group>"; };
		041A28981D66DC24004FEA8F /* SDWebImageOperation.h */ = {isa = PBXFileReference; fileEncoding = 4; lastKnownFileType = sourcecode.c.h; path = SDWebImageOperation.h; sourceTree = "<group>"; };
		041A28991D66DC24004FEA8F /* SDWebImagePrefetcher.h */ = {isa = PBXFileReference; fileEncoding = 4; lastKnownFileType = sourcecode.c.h; path = SDWebImagePrefetcher.h; sourceTree = "<group>"; };
		041A289A1D66DC24004FEA8F /* SDWebImagePrefetcher.m */ = {isa = PBXFileReference; fileEncoding = 4; lastKnownFileType = sourcecode.c.objc; path = SDWebImagePrefetcher.m; sourceTree = "<group>"; };
		041A289B1D66DC24004FEA8F /* UIButton+WebCache.h */ = {isa = PBXFileReference; fileEncoding = 4; lastKnownFileType = sourcecode.c.h; path = "UIButton+WebCache.h"; sourceTree = "<group>"; };
		041A289C1D66DC24004FEA8F /* UIButton+WebCache.m */ = {isa = PBXFileReference; fileEncoding = 4; lastKnownFileType = sourcecode.c.objc; path = "UIButton+WebCache.m"; sourceTree = "<group>"; };
		041A289D1D66DC24004FEA8F /* UIImage+GIF.h */ = {isa = PBXFileReference; fileEncoding = 4; lastKnownFileType = sourcecode.c.h; path = "UIImage+GIF.h"; sourceTree = "<group>"; };
		041A289E1D66DC24004FEA8F /* UIImage+GIF.m */ = {isa = PBXFileReference; fileEncoding = 4; lastKnownFileType = sourcecode.c.objc; path = "UIImage+GIF.m"; sourceTree = "<group>"; };
		041A289F1D66DC24004FEA8F /* UIImage+MultiFormat.h */ = {isa = PBXFileReference; fileEncoding = 4; lastKnownFileType = sourcecode.c.h; path = "UIImage+MultiFormat.h"; sourceTree = "<group>"; };
		041A28A01D66DC24004FEA8F /* UIImage+MultiFormat.m */ = {isa = PBXFileReference; fileEncoding = 4; lastKnownFileType = sourcecode.c.objc; path = "UIImage+MultiFormat.m"; sourceTree = "<group>"; };
		041A28A11D66DC24004FEA8F /* UIImage+WebP.h */ = {isa = PBXFileReference; fileEncoding = 4; lastKnownFileType = sourcecode.c.h; path = "UIImage+WebP.h"; sourceTree = "<group>"; };
		041A28A21D66DC24004FEA8F /* UIImage+WebP.m */ = {isa = PBXFileReference; fileEncoding = 4; lastKnownFileType = sourcecode.c.objc; path = "UIImage+WebP.m"; sourceTree = "<group>"; };
		041A28A31D66DC24004FEA8F /* UIImageView+HighlightedWebCache.h */ = {isa = PBXFileReference; fileEncoding = 4; lastKnownFileType = sourcecode.c.h; path = "UIImageView+HighlightedWebCache.h"; sourceTree = "<group>"; };
		041A28A41D66DC24004FEA8F /* UIImageView+HighlightedWebCache.m */ = {isa = PBXFileReference; fileEncoding = 4; lastKnownFileType = sourcecode.c.objc; path = "UIImageView+HighlightedWebCache.m"; sourceTree = "<group>"; };
		041A28A51D66DC24004FEA8F /* UIImageView+WebCache.h */ = {isa = PBXFileReference; fileEncoding = 4; lastKnownFileType = sourcecode.c.h; path = "UIImageView+WebCache.h"; sourceTree = "<group>"; };
		041A28A61D66DC24004FEA8F /* UIImageView+WebCache.m */ = {isa = PBXFileReference; fileEncoding = 4; lastKnownFileType = sourcecode.c.objc; path = "UIImageView+WebCache.m"; sourceTree = "<group>"; };
		041A28A71D66DC24004FEA8F /* UIView+WebCacheOperation.h */ = {isa = PBXFileReference; fileEncoding = 4; lastKnownFileType = sourcecode.c.h; path = "UIView+WebCacheOperation.h"; sourceTree = "<group>"; };
		041A28A81D66DC24004FEA8F /* UIView+WebCacheOperation.m */ = {isa = PBXFileReference; fileEncoding = 4; lastKnownFileType = sourcecode.c.objc; path = "UIView+WebCacheOperation.m"; sourceTree = "<group>"; };
		0422A4EE1DC2ED5B003276FF /* PresentModal.h */ = {isa = PBXFileReference; fileEncoding = 4; lastKnownFileType = sourcecode.c.h; path = PresentModal.h; sourceTree = "<group>"; };
		0422A4EF1DC2ED5B003276FF /* PresentModal.m */ = {isa = PBXFileReference; fileEncoding = 4; lastKnownFileType = sourcecode.c.objc; path = PresentModal.m; sourceTree = "<group>"; };
		0422A4F11DC2EEFF003276FF /* Modal.h */ = {isa = PBXFileReference; fileEncoding = 4; lastKnownFileType = sourcecode.c.h; path = Modal.h; sourceTree = "<group>"; };
		0422A4F21DC2EEFF003276FF /* Modal.m */ = {isa = PBXFileReference; fileEncoding = 4; lastKnownFileType = sourcecode.c.objc; path = Modal.m; sourceTree = "<group>"; };
		04245EDB1D75378900BAD874 /* taliya.jpg */ = {isa = PBXFileReference; lastKnownFileType = image.jpeg; path = taliya.jpg; sourceTree = "<group>"; };
		042A5EA61D5DABE900F4E3D5 /* DeckViewController.h */ = {isa = PBXFileReference; fileEncoding = 4; lastKnownFileType = sourcecode.c.h; path = DeckViewController.h; sourceTree = "<group>"; };
		042A5EA71D5DABE900F4E3D5 /* DeckViewController.m */ = {isa = PBXFileReference; fileEncoding = 4; lastKnownFileType = sourcecode.c.objc; path = DeckViewController.m; sourceTree = "<group>"; };
		042A5EA81D5DABE900F4E3D5 /* UIView_extra.h */ = {isa = PBXFileReference; fileEncoding = 4; lastKnownFileType = sourcecode.c.h; path = UIView_extra.h; sourceTree = "<group>"; };
		042A5EA91D5DABE900F4E3D5 /* UIView_extra.m */ = {isa = PBXFileReference; fileEncoding = 4; lastKnownFileType = sourcecode.c.objc; path = UIView_extra.m; sourceTree = "<group>"; };
		042A5EAC1D5DAE4C00F4E3D5 /* LLeftView.h */ = {isa = PBXFileReference; fileEncoding = 4; lastKnownFileType = sourcecode.c.h; path = LLeftView.h; sourceTree = "<group>"; };
		042A5EAD1D5DAE4C00F4E3D5 /* LLeftView.m */ = {isa = PBXFileReference; fileEncoding = 4; lastKnownFileType = sourcecode.c.objc; path = LLeftView.m; sourceTree = "<group>"; };
		042A5EB21D5DAEE600F4E3D5 /* UIView+DHTransform3D.h */ = {isa = PBXFileReference; fileEncoding = 4; lastKnownFileType = sourcecode.c.h; path = "UIView+DHTransform3D.h"; sourceTree = "<group>"; };
		042A5EB31D5DAEE600F4E3D5 /* UIView+DHTransform3D.m */ = {isa = PBXFileReference; fileEncoding = 4; lastKnownFileType = sourcecode.c.objc; path = "UIView+DHTransform3D.m"; sourceTree = "<group>"; };
		042A5EB61D5DAF4100F4E3D5 /* DHVector.h */ = {isa = PBXFileReference; fileEncoding = 4; lastKnownFileType = sourcecode.c.h; path = DHVector.h; sourceTree = "<group>"; };
		042A5EB71D5DAF4100F4E3D5 /* DHVector.m */ = {isa = PBXFileReference; fileEncoding = 4; lastKnownFileType = sourcecode.c.objc; path = DHVector.m; sourceTree = "<group>"; };
		04459F841DB5C775007795FC /* Two.entitlements */ = {isa = PBXFileReference; lastKnownFileType = text.plist.entitlements; path = Two.entitlements; sourceTree = "<group>"; };
		04529B911D7E587400069DDB /* ContactsUI.framework */ = {isa = PBXFileReference; lastKnownFileType = wrapper.framework; name = ContactsUI.framework; path = System/Library/Frameworks/ContactsUI.framework; sourceTree = SDKROOT; };
		04529B941D7E5A4D00069DDB /* Flashlight.h */ = {isa = PBXFileReference; fileEncoding = 4; lastKnownFileType = sourcecode.c.h; path = Flashlight.h; sourceTree = "<group>"; };
		04529B951D7E5A4D00069DDB /* Flashlight.m */ = {isa = PBXFileReference; fileEncoding = 4; lastKnownFileType = sourcecode.c.objc; path = Flashlight.m; sourceTree = "<group>"; };
		045471591D66A8DD00C9BBFC /* LAdvView.h */ = {isa = PBXFileReference; fileEncoding = 4; lastKnownFileType = sourcecode.c.h; path = LAdvView.h; sourceTree = "<group>"; };
		0454715A1D66A8DD00C9BBFC /* LAdvView.m */ = {isa = PBXFileReference; fileEncoding = 4; lastKnownFileType = sourcecode.c.objc; path = LAdvView.m; sourceTree = "<group>"; };
		0488F23B1D34F13E0040E9A0 /* PrefixHeader.pch */ = {isa = PBXFileReference; lastKnownFileType = sourcecode.c.h; name = PrefixHeader.pch; path = ../PrefixHeader.pch; sourceTree = "<group>"; };
		0488F2421D3510230040E9A0 /* 1.jpg */ = {isa = PBXFileReference; lastKnownFileType = image.jpeg; path = 1.jpg; sourceTree = "<group>"; };
		0488F2431D3510230040E9A0 /* 2.jpg */ = {isa = PBXFileReference; lastKnownFileType = image.jpeg; path = 2.jpg; sourceTree = "<group>"; };
		0488F2441D3510230040E9A0 /* 3.jpg */ = {isa = PBXFileReference; lastKnownFileType = image.jpeg; path = 3.jpg; sourceTree = "<group>"; };
		0488F2451D3510230040E9A0 /* 4.jpg */ = {isa = PBXFileReference; lastKnownFileType = image.jpeg; path = 4.jpg; sourceTree = "<group>"; };
		0488F2471D3510230040E9A0 /* 5.jpg */ = {isa = PBXFileReference; lastKnownFileType = image.jpeg; path = 5.jpg; sourceTree = "<group>"; };
		0488F2481D3510230040E9A0 /* 6.jpg */ = {isa = PBXFileReference; lastKnownFileType = image.jpeg; path = 6.jpg; sourceTree = "<group>"; };
		0488F2491D3510230040E9A0 /* 7.jpg */ = {isa = PBXFileReference; lastKnownFileType = image.jpeg; path = 7.jpg; sourceTree = "<group>"; };
		0488F24A1D3510230040E9A0 /* 8.jpg */ = {isa = PBXFileReference; lastKnownFileType = image.jpeg; path = 8.jpg; sourceTree = "<group>"; };
		0488F24B1D3510230040E9A0 /* 9.jpg */ = {isa = PBXFileReference; lastKnownFileType = image.jpeg; path = 9.jpg; sourceTree = "<group>"; };
		0488F24C1D3510230040E9A0 /* 1468009249368.jpg */ = {isa = PBXFileReference; lastKnownFileType = image.jpeg; path = 1468009249368.jpg; sourceTree = "<group>"; };
		0488F24D1D3510230040E9A0 /* 1468009251628.jpg */ = {isa = PBXFileReference; lastKnownFileType = image.jpeg; path = 1468009251628.jpg; sourceTree = "<group>"; };
		0488F24E1D3510230040E9A0 /* 0.jpg */ = {isa = PBXFileReference; lastKnownFileType = image.jpeg; path = 0.jpg; sourceTree = "<group>"; };
		0488F24F1D3510230040E9A0 /* 1468009307267.jpg */ = {isa = PBXFileReference; lastKnownFileType = image.jpeg; path = 1468009307267.jpg; sourceTree = "<group>"; };
		0488F2501D3510230040E9A0 /* 1468009316010.jpg */ = {isa = PBXFileReference; lastKnownFileType = image.jpeg; path = 1468009316010.jpg; sourceTree = "<group>"; };
		0488F2511D3510230040E9A0 /* 1468060738914.jpg */ = {isa = PBXFileReference; lastKnownFileType = image.jpeg; path = 1468060738914.jpg; sourceTree = "<group>"; };
		0488F2521D3510230040E9A0 /* 1468126481996.jpg */ = {isa = PBXFileReference; lastKnownFileType = image.jpeg; path = 1468126481996.jpg; sourceTree = "<group>"; };
		04B29C021D2118DF008D5A9B /* Two.app */ = {isa = PBXFileReference; explicitFileType = wrapper.application; includeInIndex = 0; path = Two.app; sourceTree = BUILT_PRODUCTS_DIR; };
		04B29C061D2118E0008D5A9B /* main.m */ = {isa = PBXFileReference; lastKnownFileType = sourcecode.c.objc; path = main.m; sourceTree = "<group>"; };
		04B29C081D2118E0008D5A9B /* AppDelegate.h */ = {isa = PBXFileReference; lastKnownFileType = sourcecode.c.h; path = AppDelegate.h; sourceTree = "<group>"; };
		04B29C091D2118E0008D5A9B /* AppDelegate.m */ = {isa = PBXFileReference; lastKnownFileType = sourcecode.c.objc; path = AppDelegate.m; sourceTree = "<group>"; };
		04B29C0B1D2118E0008D5A9B /* ViewController.h */ = {isa = PBXFileReference; lastKnownFileType = sourcecode.c.h; path = ViewController.h; sourceTree = "<group>"; };
		04B29C0C1D2118E0008D5A9B /* ViewController.m */ = {isa = PBXFileReference; lastKnownFileType = sourcecode.c.objc; path = ViewController.m; sourceTree = "<group>"; };
		04B29C0F1D2118E0008D5A9B /* Base */ = {isa = PBXFileReference; lastKnownFileType = file.storyboard; name = Base; path = Base.lproj/MainVC.storyboard; sourceTree = "<group>"; };
		04B29C121D2118E0008D5A9B /* Two.xcdatamodel */ = {isa = PBXFileReference; lastKnownFileType = wrapper.xcdatamodel; path = Two.xcdatamodel; sourceTree = "<group>"; };
		04B29C141D2118E0008D5A9B /* Images.xcassets */ = {isa = PBXFileReference; lastKnownFileType = folder.assetcatalog; path = Images.xcassets; sourceTree = "<group>"; };
		04B29C191D2118E0008D5A9B /* Info.plist */ = {isa = PBXFileReference; lastKnownFileType = text.plist.xml; path = Info.plist; sourceTree = "<group>"; };
		04B29C1E1D2118E0008D5A9B /* TwoTests.xctest */ = {isa = PBXFileReference; explicitFileType = wrapper.cfbundle; includeInIndex = 0; path = TwoTests.xctest; sourceTree = BUILT_PRODUCTS_DIR; };
		04B29C221D2118E0008D5A9B /* TwoTests.m */ = {isa = PBXFileReference; lastKnownFileType = sourcecode.c.objc; path = TwoTests.m; sourceTree = "<group>"; };
		04B29C241D2118E0008D5A9B /* Info.plist */ = {isa = PBXFileReference; lastKnownFileType = text.plist.xml; path = Info.plist; sourceTree = "<group>"; };
		04B29C291D2118E0008D5A9B /* TwoUITests.xctest */ = {isa = PBXFileReference; explicitFileType = wrapper.cfbundle; includeInIndex = 0; path = TwoUITests.xctest; sourceTree = BUILT_PRODUCTS_DIR; };
		04B29C2D1D2118E0008D5A9B /* TwoUITests.m */ = {isa = PBXFileReference; lastKnownFileType = sourcecode.c.objc; path = TwoUITests.m; sourceTree = "<group>"; };
		04B29C2F1D2118E0008D5A9B /* Info.plist */ = {isa = PBXFileReference; lastKnownFileType = text.plist.xml; path = Info.plist; sourceTree = "<group>"; };
		04C41A121D9BC0B000495224 /* FirstVC.h */ = {isa = PBXFileReference; fileEncoding = 4; lastKnownFileType = sourcecode.c.h; path = FirstVC.h; sourceTree = "<group>"; };
		04C41A131D9BC0B000495224 /* FirstVC.m */ = {isa = PBXFileReference; fileEncoding = 4; lastKnownFileType = sourcecode.c.objc; path = FirstVC.m; sourceTree = "<group>"; };
		04C41A151D9BC0DD00495224 /* SecondVC.h */ = {isa = PBXFileReference; fileEncoding = 4; lastKnownFileType = sourcecode.c.h; path = SecondVC.h; sourceTree = "<group>"; };
		04C41A161D9BC0DD00495224 /* SecondVC.m */ = {isa = PBXFileReference; fileEncoding = 4; lastKnownFileType = sourcecode.c.objc; path = SecondVC.m; sourceTree = "<group>"; };
		04C9C20D1D45FFB000119B7E /* SocketVC.h */ = {isa = PBXFileReference; fileEncoding = 4; lastKnownFileType = sourcecode.c.h; path = SocketVC.h; sourceTree = "<group>"; };
		04C9C20E1D45FFB000119B7E /* SocketVC.m */ = {isa = PBXFileReference; fileEncoding = 4; lastKnownFileType = sourcecode.c.objc; path = SocketVC.m; sourceTree = "<group>"; };
		04C9C21D1D46465C00119B7E /* LCAShapeLayer.h */ = {isa = PBXFileReference; fileEncoding = 4; lastKnownFileType = sourcecode.c.h; path = LCAShapeLayer.h; sourceTree = "<group>"; };
		04C9C21E1D46465C00119B7E /* LCAShapeLayer.m */ = {isa = PBXFileReference; fileEncoding = 4; lastKnownFileType = sourcecode.c.objc; path = LCAShapeLayer.m; sourceTree = "<group>"; };
		04C9C2201D46494800119B7E /* LCAShapeLayerVC.h */ = {isa = PBXFileReference; fileEncoding = 4; lastKnownFileType = sourcecode.c.h; path = LCAShapeLayerVC.h; sourceTree = "<group>"; };
		04C9C2211D46494800119B7E /* LCAShapeLayerVC.m */ = {isa = PBXFileReference; fileEncoding = 4; lastKnownFileType = sourcecode.c.objc; path = LCAShapeLayerVC.m; sourceTree = "<group>"; };
		04CCC54C1D73DE870005FADC /* BackgroundView.xib */ = {isa = PBXFileReference; fileEncoding = 4; lastKnownFileType = file.xib; path = BackgroundView.xib; sourceTree = "<group>"; };
		04CCC54E1D73E0840005FADC /* BackgroundView.h */ = {isa = PBXFileReference; fileEncoding = 4; lastKnownFileType = sourcecode.c.h; path = BackgroundView.h; sourceTree = "<group>"; };
		04CCC54F1D73E0840005FADC /* BackgroundView.m */ = {isa = PBXFileReference; fileEncoding = 4; lastKnownFileType = sourcecode.c.objc; path = BackgroundView.m; sourceTree = "<group>"; };
		04FDD28C1D38E24B00B5D0DD /* LGuidePage.h */ = {isa = PBXFileReference; fileEncoding = 4; lastKnownFileType = sourcecode.c.h; path = LGuidePage.h; sourceTree = "<group>"; };
		04FDD28D1D38E24B00B5D0DD /* LGuidePage.m */ = {isa = PBXFileReference; fileEncoding = 4; lastKnownFileType = sourcecode.c.objc; path = LGuidePage.m; sourceTree = "<group>"; };
/* End PBXFileReference section */

/* Begin PBXFrameworksBuildPhase section */
		04B29BFF1D2118DF008D5A9B /* Frameworks */ = {
			isa = PBXFrameworksBuildPhase;
			buildActionMask = 2147483647;
			files = (
				04529B921D7E587400069DDB /* ContactsUI.framework in Frameworks */,
			);
			runOnlyForDeploymentPostprocessing = 0;
		};
		04B29C1B1D2118E0008D5A9B /* Frameworks */ = {
			isa = PBXFrameworksBuildPhase;
			buildActionMask = 2147483647;
			files = (
			);
			runOnlyForDeploymentPostprocessing = 0;
		};
		04B29C261D2118E0008D5A9B /* Frameworks */ = {
			isa = PBXFrameworksBuildPhase;
			buildActionMask = 2147483647;
			files = (
			);
			runOnlyForDeploymentPostprocessing = 0;
		};
/* End PBXFrameworksBuildPhase section */

/* Begin PBXGroup section */
		040600DA1D781CAD00E57E71 /* Contact */ = {
			isa = PBXGroup;
			children = (
				040600DB1D781CEF00E57E71 /* Contact.h */,
				040600DC1D781CEF00E57E71 /* Contact.m */,
			);
			name = Contact;
			sourceTree = "<group>";
		};
		040AE1511D41F7AD00F63C4C /* Socket */ = {
			isa = PBXGroup;
			children = (
				04C9C20D1D45FFB000119B7E /* SocketVC.h */,
				04C9C20E1D45FFB000119B7E /* SocketVC.m */,
			);
			name = Socket;
			sourceTree = "<group>";
		};
		041220B01D75602E005173B2 /* Joker */ = {
			isa = PBXGroup;
			children = (
				041220E31D756668005173B2 /* Joker.h */,
				041220E41D756668005173B2 /* Joker.m */,
			);
			name = Joker;
			sourceTree = "<group>";
		};
		041220B41D756160005173B2 /* Masonry */ = {
			isa = PBXGroup;
			children = (
				041220B51D756160005173B2 /* Info.plist */,
				041220B61D756160005173B2 /* MASCompositeConstraint.h */,
				041220B71D756160005173B2 /* MASCompositeConstraint.m */,
				041220B81D756160005173B2 /* MASConstraint+Private.h */,
				041220B91D756160005173B2 /* MASConstraint.h */,
				041220BA1D756160005173B2 /* MASConstraint.m */,
				041220BB1D756160005173B2 /* MASConstraintMaker.h */,
				041220BC1D756160005173B2 /* MASConstraintMaker.m */,
				041220BD1D756160005173B2 /* MASLayoutConstraint.h */,
				041220BE1D756160005173B2 /* MASLayoutConstraint.m */,
				041220BF1D756160005173B2 /* Masonry.h */,
				041220C01D756160005173B2 /* MASUtilities.h */,
				041220C11D756160005173B2 /* MASViewAttribute.h */,
				041220C21D756160005173B2 /* MASViewAttribute.m */,
				041220C31D756160005173B2 /* MASViewConstraint.h */,
				041220C41D756160005173B2 /* MASViewConstraint.m */,
				041220C51D756160005173B2 /* NSArray+MASAdditions.h */,
				041220C61D756160005173B2 /* NSArray+MASAdditions.m */,
				041220C71D756160005173B2 /* NSArray+MASShorthandAdditions.h */,
				041220C81D756160005173B2 /* NSLayoutConstraint+MASDebugAdditions.h */,
				041220C91D756160005173B2 /* NSLayoutConstraint+MASDebugAdditions.m */,
				041220CA1D756160005173B2 /* View+MASAdditions.h */,
				041220CB1D756160005173B2 /* View+MASAdditions.m */,
				041220CC1D756160005173B2 /* View+MASShorthandAdditions.h */,
				041220CD1D756160005173B2 /* ViewController+MASAdditions.h */,
				041220CE1D756160005173B2 /* ViewController+MASAdditions.m */,
			);
			path = Masonry;
			sourceTree = "<group>";
		};
		041A284C1D66DC24004FEA8F /* Third-part */ = {
			isa = PBXGroup;
			children = (
				041220B41D756160005173B2 /* Masonry */,
				041A284D1D66DC24004FEA8F /* AFNetworking */,
				041A28761D66DC24004FEA8F /* MJRefresh */,
				041A28871D66DC24004FEA8F /* SDWebImage */,
			);
			path = "Third-part";
			sourceTree = "<group>";
		};
		041A284D1D66DC24004FEA8F /* AFNetworking */ = {
			isa = PBXGroup;
			children = (
				041A284E1D66DC24004FEA8F /* AFHTTPRequestOperation.h */,
				041A284F1D66DC24004FEA8F /* AFHTTPRequestOperation.m */,
				041A28501D66DC24004FEA8F /* AFHTTPRequestOperationManager.h */,
				041A28511D66DC24004FEA8F /* AFHTTPRequestOperationManager.m */,
				041A28521D66DC24004FEA8F /* AFHTTPSessionManager.h */,
				041A28531D66DC24004FEA8F /* AFHTTPSessionManager.m */,
				041A28541D66DC24004FEA8F /* AFNetworking.h */,
				041A28551D66DC24004FEA8F /* AFNetworkReachabilityManager.h */,
				041A28561D66DC24004FEA8F /* AFNetworkReachabilityManager.m */,
				041A28571D66DC24004FEA8F /* AFSecurityPolicy.h */,
				041A28581D66DC24004FEA8F /* AFSecurityPolicy.m */,
				041A28591D66DC24004FEA8F /* AFURLConnectionOperation.h */,
				041A285A1D66DC24004FEA8F /* AFURLConnectionOperation.m */,
				041A285B1D66DC24004FEA8F /* AFURLRequestSerialization.h */,
				041A285C1D66DC24004FEA8F /* AFURLRequestSerialization.m */,
				041A285D1D66DC24004FEA8F /* AFURLResponseSerialization.h */,
				041A285E1D66DC24004FEA8F /* AFURLResponseSerialization.m */,
				041A285F1D66DC24004FEA8F /* AFURLSessionManager.h */,
				041A28601D66DC24004FEA8F /* AFURLSessionManager.m */,
			);
			path = AFNetworking;
			sourceTree = "<group>";
		};
		041A28761D66DC24004FEA8F /* MJRefresh */ = {
			isa = PBXGroup;
			children = (
				041A28771D66DC24004FEA8F /* MJRefresh.bundle */,
				041A28781D66DC24004FEA8F /* MJRefresh.h */,
				041A28791D66DC24004FEA8F /* MJRefreshBaseView.h */,
				041A287A1D66DC24004FEA8F /* MJRefreshBaseView.m */,
				041A287B1D66DC24004FEA8F /* MJRefreshConst.h */,
				041A287C1D66DC24004FEA8F /* MJRefreshConst.m */,
				041A287D1D66DC24004FEA8F /* MJRefreshFooterView.h */,
				041A287E1D66DC24004FEA8F /* MJRefreshFooterView.m */,
				041A287F1D66DC24004FEA8F /* MJRefreshHeaderView.h */,
				041A28801D66DC24004FEA8F /* MJRefreshHeaderView.m */,
				041A28811D66DC24004FEA8F /* UIScrollView+MJExtension.h */,
				041A28821D66DC24004FEA8F /* UIScrollView+MJExtension.m */,
				041A28831D66DC24004FEA8F /* UIScrollView+MJRefresh.h */,
				041A28841D66DC24004FEA8F /* UIScrollView+MJRefresh.m */,
				041A28851D66DC24004FEA8F /* UIView+MJExtension.h */,
				041A28861D66DC24004FEA8F /* UIView+MJExtension.m */,
			);
			path = MJRefresh;
			sourceTree = "<group>";
		};
		041A28871D66DC24004FEA8F /* SDWebImage */ = {
			isa = PBXGroup;
			children = (
				041A28881D66DC24004FEA8F /* MKAnnotationView+WebCache.h */,
				041A28891D66DC24004FEA8F /* MKAnnotationView+WebCache.m */,
				041A288A1D66DC24004FEA8F /* NSData+ImageContentType.h */,
				041A288B1D66DC24004FEA8F /* NSData+ImageContentType.m */,
				041A288C1D66DC24004FEA8F /* SDImageCache.h */,
				041A288D1D66DC24004FEA8F /* SDImageCache.m */,
				041A288E1D66DC24004FEA8F /* SDWebImageCompat.h */,
				041A288F1D66DC24004FEA8F /* SDWebImageCompat.m */,
				041A28901D66DC24004FEA8F /* SDWebImageDecoder.h */,
				041A28911D66DC24004FEA8F /* SDWebImageDecoder.m */,
				041A28921D66DC24004FEA8F /* SDWebImageDownloader.h */,
				041A28931D66DC24004FEA8F /* SDWebImageDownloader.m */,
				041A28941D66DC24004FEA8F /* SDWebImageDownloaderOperation.h */,
				041A28951D66DC24004FEA8F /* SDWebImageDownloaderOperation.m */,
				041A28961D66DC24004FEA8F /* SDWebImageManager.h */,
				041A28971D66DC24004FEA8F /* SDWebImageManager.m */,
				041A28981D66DC24004FEA8F /* SDWebImageOperation.h */,
				041A28991D66DC24004FEA8F /* SDWebImagePrefetcher.h */,
				041A289A1D66DC24004FEA8F /* SDWebImagePrefetcher.m */,
				041A289B1D66DC24004FEA8F /* UIButton+WebCache.h */,
				041A289C1D66DC24004FEA8F /* UIButton+WebCache.m */,
				041A289D1D66DC24004FEA8F /* UIImage+GIF.h */,
				041A289E1D66DC24004FEA8F /* UIImage+GIF.m */,
				041A289F1D66DC24004FEA8F /* UIImage+MultiFormat.h */,
				041A28A01D66DC24004FEA8F /* UIImage+MultiFormat.m */,
				041A28A11D66DC24004FEA8F /* UIImage+WebP.h */,
				041A28A21D66DC24004FEA8F /* UIImage+WebP.m */,
				041A28A31D66DC24004FEA8F /* UIImageView+HighlightedWebCache.h */,
				041A28A41D66DC24004FEA8F /* UIImageView+HighlightedWebCache.m */,
				041A28A51D66DC24004FEA8F /* UIImageView+WebCache.h */,
				041A28A61D66DC24004FEA8F /* UIImageView+WebCache.m */,
				041A28A71D66DC24004FEA8F /* UIView+WebCacheOperation.h */,
				041A28A81D66DC24004FEA8F /* UIView+WebCacheOperation.m */,
			);
			path = SDWebImage;
			sourceTree = "<group>";
		};
		042A5EA51D5DABE900F4E3D5 /* LeftView */ = {
			isa = PBXGroup;
			children = (
				042A5EB11D5DAEE600F4E3D5 /* DHTransfrom3DView */,
				042A5EB51D5DAF4100F4E3D5 /* DHVector */,
				042A5EA61D5DABE900F4E3D5 /* DeckViewController.h */,
				042A5EA71D5DABE900F4E3D5 /* DeckViewController.m */,
				042A5EA81D5DABE900F4E3D5 /* UIView_extra.h */,
				042A5EA91D5DABE900F4E3D5 /* UIView_extra.m */,
				042A5EAC1D5DAE4C00F4E3D5 /* LLeftView.h */,
				042A5EAD1D5DAE4C00F4E3D5 /* LLeftView.m */,
			);
			path = LeftView;
			sourceTree = "<group>";
		};
		042A5EB11D5DAEE600F4E3D5 /* DHTransfrom3DView */ = {
			isa = PBXGroup;
			children = (
				042A5EB21D5DAEE600F4E3D5 /* UIView+DHTransform3D.h */,
				042A5EB31D5DAEE600F4E3D5 /* UIView+DHTransform3D.m */,
			);
			path = DHTransfrom3DView;
			sourceTree = "<group>";
		};
		042A5EB51D5DAF4100F4E3D5 /* DHVector */ = {
			isa = PBXGroup;
			children = (
				042A5EB61D5DAF4100F4E3D5 /* DHVector.h */,
				042A5EB71D5DAF4100F4E3D5 /* DHVector.m */,
			);
			path = DHVector;
			sourceTree = "<group>";
		};
		044FAE791D7E56370030A090 /* Frameworks */ = {
			isa = PBXGroup;
			children = (
				04529B911D7E587400069DDB /* ContactsUI.framework */,
			);
			name = Frameworks;
			path = Two;
			sourceTree = "<group>";
		};
		04529B931D7E5A2B00069DDB /* Flashlight */ = {
			isa = PBXGroup;
			children = (
				04529B941D7E5A4D00069DDB /* Flashlight.h */,
				04529B951D7E5A4D00069DDB /* Flashlight.m */,
			);
			name = Flashlight;
			sourceTree = "<group>";
		};
		0488F2411D3510230040E9A0 /* guidePage */ = {
			isa = PBXGroup;
			children = (
				0488F2421D3510230040E9A0 /* 1.jpg */,
				0488F2431D3510230040E9A0 /* 2.jpg */,
				0488F2441D3510230040E9A0 /* 3.jpg */,
				0488F2451D3510230040E9A0 /* 4.jpg */,
				0488F2471D3510230040E9A0 /* 5.jpg */,
				0488F2481D3510230040E9A0 /* 6.jpg */,
				0488F2491D3510230040E9A0 /* 7.jpg */,
				0488F24A1D3510230040E9A0 /* 8.jpg */,
				0488F24B1D3510230040E9A0 /* 9.jpg */,
				0488F24C1D3510230040E9A0 /* 1468009249368.jpg */,
				0488F24D1D3510230040E9A0 /* 1468009251628.jpg */,
				0488F24E1D3510230040E9A0 /* 0.jpg */,
				0488F24F1D3510230040E9A0 /* 1468009307267.jpg */,
				0488F2501D3510230040E9A0 /* 1468009316010.jpg */,
				0488F2511D3510230040E9A0 /* 1468060738914.jpg */,
				0488F2521D3510230040E9A0 /* 1468126481996.jpg */,
			);
			path = guidePage;
			sourceTree = "<group>";
		};
		04B29BF91D2118DF008D5A9B = {
			isa = PBXGroup;
			children = (
				04B29C041D2118E0008D5A9B /* Two */,
				044FAE791D7E56370030A090 /* Frameworks */,
				04B29C211D2118E0008D5A9B /* TwoTests */,
				04B29C2C1D2118E0008D5A9B /* TwoUITests */,
				04B29C031D2118DF008D5A9B /* Products */,
			);
			sourceTree = "<group>";
		};
		04B29C031D2118DF008D5A9B /* Products */ = {
			isa = PBXGroup;
			children = (
				04B29C021D2118DF008D5A9B /* Two.app */,
				04B29C1E1D2118E0008D5A9B /* TwoTests.xctest */,
				04B29C291D2118E0008D5A9B /* TwoUITests.xctest */,
			);
			name = Products;
			sourceTree = "<group>";
		};
		04B29C041D2118E0008D5A9B /* Two */ = {
			isa = PBXGroup;
			children = (
				04459F841DB5C775007795FC /* Two.entitlements */,
				04C41A081D9BBC8600495224 /* Modal */,
				04529B931D7E5A2B00069DDB /* Flashlight */,
				040600DA1D781CAD00E57E71 /* Contact */,
				041220B01D75602E005173B2 /* Joker */,
				041A284C1D66DC24004FEA8F /* Third-part */,
				042A5EA51D5DABE900F4E3D5 /* LeftView */,
				04C9C2191D4645D700119B7E /* LCAShapeLayer */,
				04CCAF0A1D4EE74A00546694 /* WebVC */,
				040AE1511D41F7AD00F63C4C /* Socket */,
				04B29C081D2118E0008D5A9B /* AppDelegate.h */,
				04B29C091D2118E0008D5A9B /* AppDelegate.m */,
				04B29C0B1D2118E0008D5A9B /* ViewController.h */,
				04B29C0C1D2118E0008D5A9B /* ViewController.m */,
				04CCC54E1D73E0840005FADC /* BackgroundView.h */,
				04CCC54F1D73E0840005FADC /* BackgroundView.m */,
				04CCC54C1D73DE870005FADC /* BackgroundView.xib */,
				04245EDB1D75378900BAD874 /* taliya.jpg */,
				04FDD2831D38D52D00B5D0DD /* LGuidePage */,
				04B29C051D2118E0008D5A9B /* Supporting Files */,
			);
			path = Two;
			sourceTree = "<group>";
		};
		04B29C051D2118E0008D5A9B /* Supporting Files */ = {
			isa = PBXGroup;
			children = (
				0488F2411D3510230040E9A0 /* guidePage */,
				0488F23B1D34F13E0040E9A0 /* PrefixHeader.pch */,
				04B29C061D2118E0008D5A9B /* main.m */,
				04B29C0E1D2118E0008D5A9B /* MainVC.storyboard */,
				04B29C141D2118E0008D5A9B /* Images.xcassets */,
				04B29C191D2118E0008D5A9B /* Info.plist */,
				04B29C111D2118E0008D5A9B /* Two.xcdatamodeld */,
			);
			name = "Supporting Files";
			sourceTree = "<group>";
		};
		04B29C211D2118E0008D5A9B /* TwoTests */ = {
			isa = PBXGroup;
			children = (
				04B29C221D2118E0008D5A9B /* TwoTests.m */,
				04B29C241D2118E0008D5A9B /* Info.plist */,
			);
			path = TwoTests;
			sourceTree = "<group>";
		};
		04B29C2C1D2118E0008D5A9B /* TwoUITests */ = {
			isa = PBXGroup;
			children = (
				04B29C2D1D2118E0008D5A9B /* TwoUITests.m */,
				04B29C2F1D2118E0008D5A9B /* Info.plist */,
			);
			path = TwoUITests;
			sourceTree = "<group>";
		};
		04C41A081D9BBC8600495224 /* Modal */ = {
			isa = PBXGroup;
			children = (
				0422A4EE1DC2ED5B003276FF /* PresentModal.h */,
				0422A4EF1DC2ED5B003276FF /* PresentModal.m */,
				0422A4F11DC2EEFF003276FF /* Modal.h */,
				0422A4F21DC2EEFF003276FF /* Modal.m */,
				04C41A121D9BC0B000495224 /* FirstVC.h */,
				04C41A131D9BC0B000495224 /* FirstVC.m */,
				04C41A151D9BC0DD00495224 /* SecondVC.h */,
				04C41A161D9BC0DD00495224 /* SecondVC.m */,
			);
			name = Modal;
			sourceTree = "<group>";
		};
		04C9C2191D4645D700119B7E /* LCAShapeLayer */ = {
			isa = PBXGroup;
			children = (
				04C9C21D1D46465C00119B7E /* LCAShapeLayer.h */,
				04C9C21E1D46465C00119B7E /* LCAShapeLayer.m */,
				04C9C2201D46494800119B7E /* LCAShapeLayerVC.h */,
				04C9C2211D46494800119B7E /* LCAShapeLayerVC.m */,
			);
			name = LCAShapeLayer;
			sourceTree = "<group>";
		};
		04CCAF0A1D4EE74A00546694 /* WebVC */ = {
			isa = PBXGroup;
			children = (
				040E440C1D546DAA00228361 /* ShareView.h */,
				040E440D1D546DAA00228361 /* ShareView.m */,
				040E440E1D546DAA00228361 /* ShareView.xib */,
			);
			path = WebVC;
			sourceTree = "<group>";
		};
		04FDD2831D38D52D00B5D0DD /* LGuidePage */ = {
			isa = PBXGroup;
			children = (
				04FDD28C1D38E24B00B5D0DD /* LGuidePage.h */,
				04FDD28D1D38E24B00B5D0DD /* LGuidePage.m */,
				045471591D66A8DD00C9BBFC /* LAdvView.h */,
				0454715A1D66A8DD00C9BBFC /* LAdvView.m */,
			);
			name = LGuidePage;
			sourceTree = "<group>";
		};
/* End PBXGroup section */

/* Begin PBXNativeTarget section */
		04B29C011D2118DF008D5A9B /* Two */ = {
			isa = PBXNativeTarget;
			buildConfigurationList = 04B29C321D2118E0008D5A9B /* Build configuration list for PBXNativeTarget "Two" */;
			buildPhases = (
				04B29BFE1D2118DF008D5A9B /* Sources */,
				04B29BFF1D2118DF008D5A9B /* Frameworks */,
				04B29C001D2118DF008D5A9B /* Resources */,
			);
			buildRules = (
			);
			dependencies = (
			);
			name = Two;
			productName = Two;
			productReference = 04B29C021D2118DF008D5A9B /* Two.app */;
			productType = "com.apple.product-type.application";
		};
		04B29C1D1D2118E0008D5A9B /* TwoTests */ = {
			isa = PBXNativeTarget;
			buildConfigurationList = 04B29C351D2118E0008D5A9B /* Build configuration list for PBXNativeTarget "TwoTests" */;
			buildPhases = (
				04B29C1A1D2118E0008D5A9B /* Sources */,
				04B29C1B1D2118E0008D5A9B /* Frameworks */,
				04B29C1C1D2118E0008D5A9B /* Resources */,
			);
			buildRules = (
			);
			dependencies = (
				04B29C201D2118E0008D5A9B /* PBXTargetDependency */,
			);
			name = TwoTests;
			productName = TwoTests;
			productReference = 04B29C1E1D2118E0008D5A9B /* TwoTests.xctest */;
			productType = "com.apple.product-type.bundle.unit-test";
		};
		04B29C281D2118E0008D5A9B /* TwoUITests */ = {
			isa = PBXNativeTarget;
			buildConfigurationList = 04B29C381D2118E0008D5A9B /* Build configuration list for PBXNativeTarget "TwoUITests" */;
			buildPhases = (
				04B29C251D2118E0008D5A9B /* Sources */,
				04B29C261D2118E0008D5A9B /* Frameworks */,
				04B29C271D2118E0008D5A9B /* Resources */,
			);
			buildRules = (
			);
			dependencies = (
				04B29C2B1D2118E0008D5A9B /* PBXTargetDependency */,
			);
			name = TwoUITests;
			productName = TwoUITests;
			productReference = 04B29C291D2118E0008D5A9B /* TwoUITests.xctest */;
			productType = "com.apple.product-type.bundle.ui-testing";
		};
/* End PBXNativeTarget section */

/* Begin PBXProject section */
		04B29BFA1D2118DF008D5A9B /* Project object */ = {
			isa = PBXProject;
			attributes = {
				LastUpgradeCheck = 0730;
				ORGANIZATIONNAME = ryt;
				TargetAttributes = {
					04B29C011D2118DF008D5A9B = {
						CreatedOnToolsVersion = 7.3.1;
						DevelopmentTeam = 875QN44U4L;
						SystemCapabilities = {
							com.apple.ApplePay = {
								enabled = 0;
							};
						};
					};
					04B29C1D1D2118E0008D5A9B = {
						CreatedOnToolsVersion = 7.3.1;
						TestTargetID = 04B29C011D2118DF008D5A9B;
					};
					04B29C281D2118E0008D5A9B = {
						CreatedOnToolsVersion = 7.3.1;
						TestTargetID = 04B29C011D2118DF008D5A9B;
					};
				};
			};
			buildConfigurationList = 04B29BFD1D2118DF008D5A9B /* Build configuration list for PBXProject "Two" */;
			compatibilityVersion = "Xcode 3.2";
			developmentRegion = English;
			hasScannedForEncodings = 0;
			knownRegions = (
				en,
				Base,
			);
			mainGroup = 04B29BF91D2118DF008D5A9B;
			productRefGroup = 04B29C031D2118DF008D5A9B /* Products */;
			projectDirPath = "";
			projectRoot = "";
			targets = (
				04B29C011D2118DF008D5A9B /* Two */,
				04B29C1D1D2118E0008D5A9B /* TwoTests */,
				04B29C281D2118E0008D5A9B /* TwoUITests */,
			);
		};
/* End PBXProject section */

/* Begin PBXResourcesBuildPhase section */
		04B29C001D2118DF008D5A9B /* Resources */ = {
			isa = PBXResourcesBuildPhase;
			buildActionMask = 2147483647;
			files = (
				0488F2591D3510230040E9A0 /* 6.jpg in Resources */,
				0488F2551D3510230040E9A0 /* 3.jpg in Resources */,
				0488F25B1D3510230040E9A0 /* 8.jpg in Resources */,
				0488F25D1D3510230040E9A0 /* 1468009249368.jpg in Resources */,
				04B29C151D2118E0008D5A9B /* Images.xcassets in Resources */,
				0488F2621D3510230040E9A0 /* 1468060738914.jpg in Resources */,
				0488F2601D3510230040E9A0 /* 1468009307267.jpg in Resources */,
				04CCC54D1D73DE870005FADC /* BackgroundView.xib in Resources */,
				0488F2531D3510230040E9A0 /* 1.jpg in Resources */,
				0488F2581D3510230040E9A0 /* 5.jpg in Resources */,
				041220CF1D756160005173B2 /* Info.plist in Resources */,
				0488F2631D3510230040E9A0 /* 1468126481996.jpg in Resources */,
				0488F2611D3510230040E9A0 /* 1468009316010.jpg in Resources */,
				040E44101D546DAA00228361 /* ShareView.xib in Resources */,
				0488F25F1D3510230040E9A0 /* 0.jpg in Resources */,
				0488F25C1D3510230040E9A0 /* 9.jpg in Resources */,
				0488F25A1D3510230040E9A0 /* 7.jpg in Resources */,
				0488F2561D3510230040E9A0 /* 4.jpg in Resources */,
				0488F2541D3510230040E9A0 /* 2.jpg in Resources */,
				0488F25E1D3510230040E9A0 /* 1468009251628.jpg in Resources */,
				04245EDC1D75378900BAD874 /* taliya.jpg in Resources */,
				041A28BB1D66DC24004FEA8F /* MJRefresh.bundle in Resources */,
				04B29C101D2118E0008D5A9B /* MainVC.storyboard in Resources */,
			);
			runOnlyForDeploymentPostprocessing = 0;
		};
		04B29C1C1D2118E0008D5A9B /* Resources */ = {
			isa = PBXResourcesBuildPhase;
			buildActionMask = 2147483647;
			files = (
			);
			runOnlyForDeploymentPostprocessing = 0;
		};
		04B29C271D2118E0008D5A9B /* Resources */ = {
			isa = PBXResourcesBuildPhase;
			buildActionMask = 2147483647;
			files = (
			);
			runOnlyForDeploymentPostprocessing = 0;
		};
/* End PBXResourcesBuildPhase section */

/* Begin PBXSourcesBuildPhase section */
		04B29BFE1D2118DF008D5A9B /* Sources */ = {
			isa = PBXSourcesBuildPhase;
			buildActionMask = 2147483647;
			files = (
				041A28CE1D66DC24004FEA8F /* UIImage+MultiFormat.m in Sources */,
				04C41A141D9BC0B000495224 /* FirstVC.m in Sources */,
				041A28C81D66DC24004FEA8F /* SDWebImageDownloader.m in Sources */,
				041220E51D756668005173B2 /* Joker.m in Sources */,
				04CCC5501D73E0840005FADC /* BackgroundView.m in Sources */,
				041A28CF1D66DC24004FEA8F /* UIImage+WebP.m in Sources */,
				042A5EAE1D5DAE4C00F4E3D5 /* LLeftView.m in Sources */,
				041220D91D756160005173B2 /* ViewController+MASAdditions.m in Sources */,
				042A5EAB1D5DABE900F4E3D5 /* UIView_extra.m in Sources */,
				04FDD28E1D38E24B00B5D0DD /* LGuidePage.m in Sources */,
				041A28C41D66DC24004FEA8F /* NSData+ImageContentType.m in Sources */,
				041220D71D756160005173B2 /* NSLayoutConstraint+MASDebugAdditions.m in Sources */,
				041A28AB1D66DC24004FEA8F /* AFHTTPSessionManager.m in Sources */,
				041220D31D756160005173B2 /* MASLayoutConstraint.m in Sources */,
				041A28C91D66DC24004FEA8F /* SDWebImageDownloaderOperation.m in Sources */,
				040E440F1D546DAA00228361 /* ShareView.m in Sources */,
				041A28C71D66DC24004FEA8F /* SDWebImageDecoder.m in Sources */,
				041A28C11D66DC24004FEA8F /* UIScrollView+MJRefresh.m in Sources */,
				041A28C01D66DC24004FEA8F /* UIScrollView+MJExtension.m in Sources */,
				041220D01D756160005173B2 /* MASCompositeConstraint.m in Sources */,
				041A28C31D66DC24004FEA8F /* MKAnnotationView+WebCache.m in Sources */,
				041A28AC1D66DC24004FEA8F /* AFNetworkReachabilityManager.m in Sources */,
				041A28D01D66DC24004FEA8F /* UIImageView+HighlightedWebCache.m in Sources */,
				041A28A91D66DC24004FEA8F /* AFHTTPRequestOperation.m in Sources */,
				041A28CC1D66DC24004FEA8F /* UIButton+WebCache.m in Sources */,
				041A28AF1D66DC24004FEA8F /* AFURLRequestSerialization.m in Sources */,
				04C41A171D9BC0DD00495224 /* SecondVC.m in Sources */,
				04529B961D7E5A4D00069DDB /* Flashlight.m in Sources */,
				041220D21D756160005173B2 /* MASConstraintMaker.m in Sources */,
				041A28D11D66DC24004FEA8F /* UIImageView+WebCache.m in Sources */,
				041A28BE1D66DC24004FEA8F /* MJRefreshFooterView.m in Sources */,
				041A28AE1D66DC24004FEA8F /* AFURLConnectionOperation.m in Sources */,
				041A28B11D66DC24004FEA8F /* AFURLSessionManager.m in Sources */,
				04C9C20F1D45FFB000119B7E /* SocketVC.m in Sources */,
				041220D61D756160005173B2 /* NSArray+MASAdditions.m in Sources */,
				042A5EAA1D5DABE900F4E3D5 /* DeckViewController.m in Sources */,
				041A28BF1D66DC24004FEA8F /* MJRefreshHeaderView.m in Sources */,
				04B29C0D1D2118E0008D5A9B /* ViewController.m in Sources */,
				042A5EB41D5DAEE600F4E3D5 /* UIView+DHTransform3D.m in Sources */,
				04C9C2221D46494800119B7E /* LCAShapeLayerVC.m in Sources */,
				0454715B1D66A8DD00C9BBFC /* LAdvView.m in Sources */,
				041220D11D756160005173B2 /* MASConstraint.m in Sources */,
				041A28CD1D66DC24004FEA8F /* UIImage+GIF.m in Sources */,
				041A28CA1D66DC24004FEA8F /* SDWebImageManager.m in Sources */,
				041A28BD1D66DC24004FEA8F /* MJRefreshConst.m in Sources */,
				04B29C0A1D2118E0008D5A9B /* AppDelegate.m in Sources */,
				0422A4F31DC2EEFF003276FF /* Modal.m in Sources */,
				04B29C131D2118E0008D5A9B /* Two.xcdatamodeld in Sources */,
				041220D81D756160005173B2 /* View+MASAdditions.m in Sources */,
				041A28C61D66DC24004FEA8F /* SDWebImageCompat.m in Sources */,
				041220D41D756160005173B2 /* MASViewAttribute.m in Sources */,
				041A28C21D66DC24004FEA8F /* UIView+MJExtension.m in Sources */,
				04C9C21F1D46465C00119B7E /* LCAShapeLayer.m in Sources */,
				041220D51D756160005173B2 /* MASViewConstraint.m in Sources */,
				041A28AD1D66DC24004FEA8F /* AFSecurityPolicy.m in Sources */,
				041A28BC1D66DC24004FEA8F /* MJRefreshBaseView.m in Sources */,
				040600DD1D781CEF00E57E71 /* Contact.m in Sources */,
				041A28CB1D66DC24004FEA8F /* SDWebImagePrefetcher.m in Sources */,
				042A5EB81D5DAF4100F4E3D5 /* DHVector.m in Sources */,
				0422A4F01DC2ED5B003276FF /* PresentModal.m in Sources */,
				041A28AA1D66DC24004FEA8F /* AFHTTPRequestOperationManager.m in Sources */,
				041A28D21D66DC24004FEA8F /* UIView+WebCacheOperation.m in Sources */,
				041A28C51D66DC24004FEA8F /* SDImageCache.m in Sources */,
				04B29C071D2118E0008D5A9B /* main.m in Sources */,
				041A28B01D66DC24004FEA8F /* AFURLResponseSerialization.m in Sources */,
			);
			runOnlyForDeploymentPostprocessing = 0;
		};
		04B29C1A1D2118E0008D5A9B /* Sources */ = {
			isa = PBXSourcesBuildPhase;
			buildActionMask = 2147483647;
			files = (
				04B29C231D2118E0008D5A9B /* TwoTests.m in Sources */,
			);
			runOnlyForDeploymentPostprocessing = 0;
		};
		04B29C251D2118E0008D5A9B /* Sources */ = {
			isa = PBXSourcesBuildPhase;
			buildActionMask = 2147483647;
			files = (
				04B29C2E1D2118E0008D5A9B /* TwoUITests.m in Sources */,
			);
			runOnlyForDeploymentPostprocessing = 0;
		};
/* End PBXSourcesBuildPhase section */

/* Begin PBXTargetDependency section */
		04B29C201D2118E0008D5A9B /* PBXTargetDependency */ = {
			isa = PBXTargetDependency;
			target = 04B29C011D2118DF008D5A9B /* Two */;
			targetProxy = 04B29C1F1D2118E0008D5A9B /* PBXContainerItemProxy */;
		};
		04B29C2B1D2118E0008D5A9B /* PBXTargetDependency */ = {
			isa = PBXTargetDependency;
			target = 04B29C011D2118DF008D5A9B /* Two */;
			targetProxy = 04B29C2A1D2118E0008D5A9B /* PBXContainerItemProxy */;
		};
/* End PBXTargetDependency section */

/* Begin PBXVariantGroup section */
		04B29C0E1D2118E0008D5A9B /* MainVC.storyboard */ = {
			isa = PBXVariantGroup;
			children = (
				04B29C0F1D2118E0008D5A9B /* Base */,
			);
			name = MainVC.storyboard;
			sourceTree = "<group>";
		};
/* End PBXVariantGroup section */

/* Begin XCBuildConfiguration section */
		04B29C301D2118E0008D5A9B /* Debug */ = {
			isa = XCBuildConfiguration;
			buildSettings = {
				ALWAYS_SEARCH_USER_PATHS = NO;
				CLANG_ANALYZER_NONNULL = YES;
				CLANG_CXX_LANGUAGE_STANDARD = "gnu++0x";
				CLANG_CXX_LIBRARY = "libc++";
				CLANG_ENABLE_MODULES = YES;
				CLANG_ENABLE_OBJC_ARC = YES;
				CLANG_WARN_BOOL_CONVERSION = YES;
				CLANG_WARN_CONSTANT_CONVERSION = YES;
				CLANG_WARN_DIRECT_OBJC_ISA_USAGE = YES_ERROR;
				CLANG_WARN_EMPTY_BODY = YES;
				CLANG_WARN_ENUM_CONVERSION = YES;
				CLANG_WARN_INT_CONVERSION = YES;
				CLANG_WARN_OBJC_ROOT_CLASS = YES_ERROR;
				CLANG_WARN_UNREACHABLE_CODE = YES;
				CLANG_WARN__DUPLICATE_METHOD_MATCH = YES;
				"CODE_SIGN_IDENTITY[sdk=iphoneos*]" = "iPhone Developer";
				COPY_PHASE_STRIP = NO;
				DEBUG_INFORMATION_FORMAT = dwarf;
				ENABLE_STRICT_OBJC_MSGSEND = YES;
				ENABLE_TESTABILITY = YES;
				GCC_C_LANGUAGE_STANDARD = gnu99;
				GCC_DYNAMIC_NO_PIC = NO;
				GCC_NO_COMMON_BLOCKS = YES;
				GCC_OPTIMIZATION_LEVEL = 0;
				GCC_PREPROCESSOR_DEFINITIONS = (
					"DEBUG=1",
					"$(inherited)",
				);
				GCC_WARN_64_TO_32_BIT_CONVERSION = YES;
				GCC_WARN_ABOUT_RETURN_TYPE = YES_ERROR;
				GCC_WARN_UNDECLARED_SELECTOR = YES;
				GCC_WARN_UNINITIALIZED_AUTOS = YES_AGGRESSIVE;
				GCC_WARN_UNUSED_FUNCTION = YES;
				GCC_WARN_UNUSED_VARIABLE = YES;
				IPHONEOS_DEPLOYMENT_TARGET = 9.3;
				MTL_ENABLE_DEBUG_INFO = YES;
				ONLY_ACTIVE_ARCH = YES;
				SDKROOT = iphoneos;
			};
			name = Debug;
		};
		04B29C311D2118E0008D5A9B /* Release */ = {
			isa = XCBuildConfiguration;
			buildSettings = {
				ALWAYS_SEARCH_USER_PATHS = NO;
				CLANG_ANALYZER_NONNULL = YES;
				CLANG_CXX_LANGUAGE_STANDARD = "gnu++0x";
				CLANG_CXX_LIBRARY = "libc++";
				CLANG_ENABLE_MODULES = YES;
				CLANG_ENABLE_OBJC_ARC = YES;
				CLANG_WARN_BOOL_CONVERSION = YES;
				CLANG_WARN_CONSTANT_CONVERSION = YES;
				CLANG_WARN_DIRECT_OBJC_ISA_USAGE = YES_ERROR;
				CLANG_WARN_EMPTY_BODY = YES;
				CLANG_WARN_ENUM_CONVERSION = YES;
				CLANG_WARN_INT_CONVERSION = YES;
				CLANG_WARN_OBJC_ROOT_CLASS = YES_ERROR;
				CLANG_WARN_UNREACHABLE_CODE = YES;
				CLANG_WARN__DUPLICATE_METHOD_MATCH = YES;
				"CODE_SIGN_IDENTITY[sdk=iphoneos*]" = "iPhone Developer";
				COPY_PHASE_STRIP = NO;
				DEBUG_INFORMATION_FORMAT = "dwarf-with-dsym";
				ENABLE_NS_ASSERTIONS = NO;
				ENABLE_STRICT_OBJC_MSGSEND = YES;
				GCC_C_LANGUAGE_STANDARD = gnu99;
				GCC_NO_COMMON_BLOCKS = YES;
				GCC_WARN_64_TO_32_BIT_CONVERSION = YES;
				GCC_WARN_ABOUT_RETURN_TYPE = YES_ERROR;
				GCC_WARN_UNDECLARED_SELECTOR = YES;
				GCC_WARN_UNINITIALIZED_AUTOS = YES_AGGRESSIVE;
				GCC_WARN_UNUSED_FUNCTION = YES;
				GCC_WARN_UNUSED_VARIABLE = YES;
				IPHONEOS_DEPLOYMENT_TARGET = 9.3;
				MTL_ENABLE_DEBUG_INFO = NO;
				SDKROOT = iphoneos;
				VALIDATE_PRODUCT = YES;
			};
			name = Release;
		};
		04B29C331D2118E0008D5A9B /* Debug */ = {
			isa = XCBuildConfiguration;
			buildSettings = {
				ASSETCATALOG_COMPILER_APPICON_NAME = AppIcon;
				ASSETCATALOG_COMPILER_LAUNCHIMAGE_NAME = LaunchImage;
				CLANG_ENABLE_MODULES = YES;
				CODE_SIGN_IDENTITY = "iPhone Developer: 骏东 黄 (ULM52E832Y)";
				DEFINES_MODULE = YES;
				FRAMEWORK_SEARCH_PATHS = "\"$(SRCROOT)/Frameworks\"";
				GCC_PREFIX_HEADER = PrefixHeader.pch;
				INFOPLIST_FILE = Two/Info.plist;
				IPHONEOS_DEPLOYMENT_TARGET = 6.0;
				LD_RUNPATH_SEARCH_PATHS = "$(inherited) @executable_path/Frameworks";
				PRODUCT_BUNDLE_IDENTIFIER = com.cgb.creditcard.iphone;
				PRODUCT_NAME = "$(TARGET_NAME)";
				PROVISIONING_PROFILE = "384c6ff3-329b-493f-af61-978b89485869";
				SWIFT_OBJC_BRIDGING_HEADER = "Two/Two-Bridging-Header.h";
				SWIFT_OPTIMIZATION_LEVEL = "-Onone";
			};
			name = Debug;
		};
		04B29C341D2118E0008D5A9B /* Release */ = {
			isa = XCBuildConfiguration;
			buildSettings = {
				ASSETCATALOG_COMPILER_APPICON_NAME = AppIcon;
				ASSETCATALOG_COMPILER_LAUNCHIMAGE_NAME = LaunchImage;
				CLANG_ENABLE_MODULES = YES;
				CODE_SIGN_IDENTITY = "iPhone Developer: 骏东 黄 (ULM52E832Y)";
				"CODE_SIGN_IDENTITY[sdk=iphoneos*]" = "iPhone Developer: 骏东 黄 (ULM52E832Y)";
				DEFINES_MODULE = YES;
				FRAMEWORK_SEARCH_PATHS = "\"$(SRCROOT)/Frameworks\"";
				GCC_PREFIX_HEADER = PrefixHeader.pch;
				INFOPLIST_FILE = Two/Info.plist;
				IPHONEOS_DEPLOYMENT_TARGET = 6.0;
				LD_RUNPATH_SEARCH_PATHS = "$(inherited) @executable_path/Frameworks";
				PRODUCT_BUNDLE_IDENTIFIER = com.cgb.creditcard.iphone;
				PRODUCT_NAME = "$(TARGET_NAME)";
				PROVISIONING_PROFILE = "384c6ff3-329b-493f-af61-978b89485869";
				SWIFT_OBJC_BRIDGING_HEADER = "Two/Two-Bridging-Header.h";
			};
			name = Release;
		};
		04B29C361D2118E0008D5A9B /* Debug */ = {
			isa = XCBuildConfiguration;
			buildSettings = {
				BUNDLE_LOADER = "$(TEST_HOST)";
				INFOPLIST_FILE = TwoTests/Info.plist;
				LD_RUNPATH_SEARCH_PATHS = "$(inherited) @executable_path/Frameworks @loader_path/Frameworks";
				PRODUCT_BUNDLE_IDENTIFIER = yqhx.TwoTests;
				PRODUCT_NAME = "$(TARGET_NAME)";
				TEST_HOST = "$(BUILT_PRODUCTS_DIR)/Two.app/Two";
			};
			name = Debug;
		};
		04B29C371D2118E0008D5A9B /* Release */ = {
			isa = XCBuildConfiguration;
			buildSettings = {
				BUNDLE_LOADER = "$(TEST_HOST)";
				INFOPLIST_FILE = TwoTests/Info.plist;
				LD_RUNPATH_SEARCH_PATHS = "$(inherited) @executable_path/Frameworks @loader_path/Frameworks";
				PRODUCT_BUNDLE_IDENTIFIER = yqhx.TwoTests;
				PRODUCT_NAME = "$(TARGET_NAME)";
				TEST_HOST = "$(BUILT_PRODUCTS_DIR)/Two.app/Two";
			};
			name = Release;
		};
		04B29C391D2118E0008D5A9B /* Debug */ = {
			isa = XCBuildConfiguration;
			buildSettings = {
				INFOPLIST_FILE = TwoUITests/Info.plist;
				LD_RUNPATH_SEARCH_PATHS = "$(inherited) @executable_path/Frameworks @loader_path/Frameworks";
				PRODUCT_BUNDLE_IDENTIFIER = yqhx.TwoUITests;
				PRODUCT_NAME = "$(TARGET_NAME)";
				TEST_TARGET_NAME = Two;
			};
			name = Debug;
		};
		04B29C3A1D2118E0008D5A9B /* Release */ = {
			isa = XCBuildConfiguration;
			buildSettings = {
				INFOPLIST_FILE = TwoUITests/Info.plist;
				LD_RUNPATH_SEARCH_PATHS = "$(inherited) @executable_path/Frameworks @loader_path/Frameworks";
				PRODUCT_BUNDLE_IDENTIFIER = yqhx.TwoUITests;
				PRODUCT_NAME = "$(TARGET_NAME)";
				TEST_TARGET_NAME = Two;
			};
			name = Release;
		};
/* End XCBuildConfiguration section */

/* Begin XCConfigurationList section */
		04B29BFD1D2118DF008D5A9B /* Build configuration list for PBXProject "Two" */ = {
			isa = XCConfigurationList;
			buildConfigurations = (
				04B29C301D2118E0008D5A9B /* Debug */,
				04B29C311D2118E0008D5A9B /* Release */,
			);
			defaultConfigurationIsVisible = 0;
			defaultConfigurationName = Release;
		};
		04B29C321D2118E0008D5A9B /* Build configuration list for PBXNativeTarget "Two" */ = {
			isa = XCConfigurationList;
			buildConfigurations = (
				04B29C331D2118E0008D5A9B /* Debug */,
				04B29C341D2118E0008D5A9B /* Release */,
			);
			defaultConfigurationIsVisible = 0;
			defaultConfigurationName = Release;
		};
		04B29C351D2118E0008D5A9B /* Build configuration list for PBXNativeTarget "TwoTests" */ = {
			isa = XCConfigurationList;
			buildConfigurations = (
				04B29C361D2118E0008D5A9B /* Debug */,
				04B29C371D2118E0008D5A9B /* Release */,
			);
			defaultConfigurationIsVisible = 0;
			defaultConfigurationName = Release;
		};
		04B29C381D2118E0008D5A9B /* Build configuration list for PBXNativeTarget "TwoUITests" */ = {
			isa = XCConfigurationList;
			buildConfigurations = (
				04B29C391D2118E0008D5A9B /* Debug */,
				04B29C3A1D2118E0008D5A9B /* Release */,
			);
			defaultConfigurationIsVisible = 0;
			defaultConfigurationName = Release;
		};
/* End XCConfigurationList section */

/* Begin XCVersionGroup section */
		04B29C111D2118E0008D5A9B /* Two.xcdatamodeld */ = {
			isa = XCVersionGroup;
			children = (
				04B29C121D2118E0008D5A9B /* Two.xcdatamodel */,
			);
			currentVersion = 04B29C121D2118E0008D5A9B /* Two.xcdatamodel */;
			path = Two.xcdatamodeld;
			sourceTree = "<group>";
			versionGroupType = wrapper.xcdatamodel;
		};
/* End XCVersionGroup section */
	};
	rootObject = 04B29BFA1D2118DF008D5A9B /* Project object */;
}
